
Microsoft Visual Studio Solution File, Format Version 12.00
# Visual Studio 2013
VisualStudioVersion = 12.0.30723.0
MinimumVisualStudioVersion = 10.0.40219.1
Project("{FAE04EC0-301F-11D3-BF4B-00C04F79EFBC}") = "SecondShiftMobile", "SecondShiftMobile\SecondShiftMobile.csproj", "{6C9792CD-B4EF-4C8C-B9BB-1B7717BBD248}"
	ProjectSection(ProjectDependencies) = postProject
		{CD3ACD9C-E5F3-4B91-8D42-C2BD1E1B551A} = {CD3ACD9C-E5F3-4B91-8D42-C2BD1E1B551A}
	EndProjectSection
EndProject
Project("{FAE04EC0-301F-11D3-BF4B-00C04F79EFBC}") = "SecondShiftContent", "SecondShiftContent\SecondShiftContent\SecondShiftContent.csproj", "{CD3ACD9C-E5F3-4B91-8D42-C2BD1E1B551A}"
EndProject
Project("{FAE04EC0-301F-11D3-BF4B-00C04F79EFBC}") = "SecondShiftContentContent", "SecondShiftContent\SecondShiftContentContent\SecondShiftContentContent.contentproj", "{5B153DF1-18CE-4086-AB90-7606A85B3D73}"
EndProject
Project("{FAE04EC0-301F-11D3-BF4B-00C04F79EFBC}") = "yeti.mp3", "..\MonoGame-develop\Tools\MP3Compression\yeti.mp3\yeti.mp3.csproj", "{B564FD33-FA50-46B2-B669-2D83DE3AF5E4}"
EndProject
Project("{FAE04EC0-301F-11D3-BF4B-00C04F79EFBC}") = "yeti.mmedia", "..\MonoGame-develop\Tools\MP3Compression\yeti.mmedia\yeti.mmedia.csproj", "{315EE7BF-EAE2-42C0-BFC6-CCA9160F3CFE}"
EndProject
Project("{FAE04EC0-301F-11D3-BF4B-00C04F79EFBC}") = "yeti.wmfsdk", "..\MonoGame-develop\Tools\MP3Compression\yeti.wmfsdk\yeti.wmfsdk.csproj", "{FECB5BEB-AB05-454A-BB14-6A554E897274}"
EndProject
Project("{FAE04EC0-301F-11D3-BF4B-00C04F79EFBC}") = "MonoGame.Framework.Windows", "..\MonoGame-develop\MonoGame.Framework\MonoGame.Framework.Windows.csproj", "{7DE47032-A904-4C29-BD22-2D235E8D91BA}"
EndProject
Project("{FAE04EC0-301F-11D3-BF4B-00C04F79EFBC}") = "MonoGame.Framework.WindowsPhone", "..\MonoGame-develop\MonoGame.Framework\MonoGame.Framework.WindowsPhone.csproj", "{BAA9A6E4-7690-4DE0-9531-DE0EAEEC9739}"
EndProject
Project("{FAE04EC0-301F-11D3-BF4B-00C04F79EFBC}") = "MonoGame.Framework.Content.Pipeline.Windows", "..\MonoGame-develop\MonoGame.Framework.Content.Pipeline\MonoGame.Framework.Content.Pipeline.Windows.csproj", "{B950DE10-AC5D-4BD9-B817-51247C4A732D}"
EndProject
Project("{FAE04EC0-301F-11D3-BF4B-00C04F79EFBC}") = "MonoGameContentProcessors", "..\MonoGame-develop\MonoGame.ContentPipeline\ContentProcessors\MonoGameContentProcessors.csproj", "{2C23E01D-DE2D-4671-85B0-1085857C6D25}"
EndProject
Project("{FAE04EC0-301F-11D3-BF4B-00C04F79EFBC}") = "Lidgren.Network.Windows", "..\MonoGame-develop\ThirdParty\Lidgren.Network\Lidgren.Network.Windows.csproj", "{AE483C29-042E-4226-BA52-D247CE7676DA}"
EndProject
Project("{2150E333-8FDC-42A3-9474-1A3956D46DE8}") = "MonoGameStuff", "MonoGameStuff", "{CFEB868F-B256-4DCD-9764-E8CEE27FC0EA}"
EndProject
Project("{FAE04EC0-301F-11D3-BF4B-00C04F79EFBC}") = "SecondShiftPC", "..\SecondShiftPC\SecondShiftPC\SecondShiftPC\SecondShiftPC.csproj", "{31BCCA4F-D733-44EF-BEE5-0E861AFFEDCF}"
EndProject
Project("{FAE04EC0-301F-11D3-BF4B-00C04F79EFBC}") = "SecondShiftPCContent", "..\SecondShiftPC\SecondShiftPC\SecondShiftPCContent\SecondShiftPCContent.contentproj", "{FED77965-1C57-4D71-BCE2-EBCE0AE024CD}"
EndProject
Project("{D954291E-2A0B-460D-934E-DC6B0785DB48}") = "GameCode", "GameCode\GameCode.shproj", "{E58A7358-3ECB-40B2-9BD1-6AA572728C0B}"
EndProject
Project("{2150E333-8FDC-42A3-9474-1A3956D46DE8}") = "Content", "Content", "{CF5C704A-C4C8-4352-9CE8-18E4362B1FCC}"
EndProject
Project("{FAE04EC0-301F-11D3-BF4B-00C04F79EFBC}") = "SecondShift81", "SecondShift81\SecondShift81.csproj", "{422B500B-1298-4032-AD03-5C4E66858E69}"
	ProjectSection(ProjectDependencies) = postProject
		{CD3ACD9C-E5F3-4B91-8D42-C2BD1E1B551A} = {CD3ACD9C-E5F3-4B91-8D42-C2BD1E1B551A}
	EndProjectSection
EndProject
Global
	GlobalSection(SharedMSBuildProjectFiles) = preSolution
		GameCode\GameCode.projitems*{e58a7358-3ecb-40b2-9bd1-6aa572728c0b}*SharedItemsImports = 13
		GameCode\GameCode.projitems*{6c9792cd-b4ef-4c8c-b9bb-1b7717bbd248}*SharedItemsImports = 4
		GameCode\GameCode.projitems*{31bcca4f-d733-44ef-bee5-0e861affedcf}*SharedItemsImports = 4
		GameCode\GameCode.projitems*{422b500b-1298-4032-ad03-5c4e66858e69}*SharedItemsImports = 4
	EndGlobalSection
	GlobalSection(SolutionConfigurationPlatforms) = preSolution
		Android|Any CPU = Android|Any CPU
		Android|ARM = Android|ARM
		Android|Mixed Platforms = Android|Mixed Platforms
		Android|x86 = Android|x86
		Debug|Any CPU = Debug|Any CPU
		Debug|ARM = Debug|ARM
		Debug|Mixed Platforms = Debug|Mixed Platforms
		Debug|x86 = Debug|x86
		iOS|Any CPU = iOS|Any CPU
		iOS|ARM = iOS|ARM
		iOS|Mixed Platforms = iOS|Mixed Platforms
		iOS|x86 = iOS|x86
		Linux|Any CPU = Linux|Any CPU
		Linux|ARM = Linux|ARM
		Linux|Mixed Platforms = Linux|Mixed Platforms
		Linux|x86 = Linux|x86
		OSX|Any CPU = OSX|Any CPU
		OSX|ARM = OSX|ARM
		OSX|Mixed Platforms = OSX|Mixed Platforms
		OSX|x86 = OSX|x86
		PSM|Any CPU = PSM|Any CPU
		PSM|ARM = PSM|ARM
		PSM|Mixed Platforms = PSM|Mixed Platforms
		PSM|x86 = PSM|x86
		Release|Any CPU = Release|Any CPU
		Release|ARM = Release|ARM
		Release|Mixed Platforms = Release|Mixed Platforms
		Release|x86 = Release|x86
		Windows|Any CPU = Windows|Any CPU
		Windows|ARM = Windows|ARM
		Windows|Mixed Platforms = Windows|Mixed Platforms
		Windows|x86 = Windows|x86
		Windows8|Any CPU = Windows8|Any CPU
		Windows8|ARM = Windows8|ARM
		Windows8|Mixed Platforms = Windows8|Mixed Platforms
		Windows8|x86 = Windows8|x86
	EndGlobalSection
	GlobalSection(ProjectConfigurationPlatforms) = postSolution
		{6C9792CD-B4EF-4C8C-B9BB-1B7717BBD248}.Android|Any CPU.ActiveCfg = Release|x86
		{6C9792CD-B4EF-4C8C-B9BB-1B7717BBD248}.Android|ARM.ActiveCfg = Release|ARM
		{6C9792CD-B4EF-4C8C-B9BB-1B7717BBD248}.Android|ARM.Build.0 = Release|ARM
		{6C9792CD-B4EF-4C8C-B9BB-1B7717BBD248}.Android|ARM.Deploy.0 = Release|ARM
		{6C9792CD-B4EF-4C8C-B9BB-1B7717BBD248}.Android|Mixed Platforms.ActiveCfg = Release|x86
		{6C9792CD-B4EF-4C8C-B9BB-1B7717BBD248}.Android|Mixed Platforms.Build.0 = Release|x86
		{6C9792CD-B4EF-4C8C-B9BB-1B7717BBD248}.Android|Mixed Platforms.Deploy.0 = Release|x86
		{6C9792CD-B4EF-4C8C-B9BB-1B7717BBD248}.Android|x86.ActiveCfg = Release|x86
		{6C9792CD-B4EF-4C8C-B9BB-1B7717BBD248}.Android|x86.Build.0 = Release|x86
		{6C9792CD-B4EF-4C8C-B9BB-1B7717BBD248}.Android|x86.Deploy.0 = Release|x86
		{6C9792CD-B4EF-4C8C-B9BB-1B7717BBD248}.Debug|Any CPU.ActiveCfg = Debug|ARM
		{6C9792CD-B4EF-4C8C-B9BB-1B7717BBD248}.Debug|Any CPU.Build.0 = Debug|ARM
		{6C9792CD-B4EF-4C8C-B9BB-1B7717BBD248}.Debug|Any CPU.Deploy.0 = Debug|ARM
		{6C9792CD-B4EF-4C8C-B9BB-1B7717BBD248}.Debug|ARM.ActiveCfg = Debug|ARM
		{6C9792CD-B4EF-4C8C-B9BB-1B7717BBD248}.Debug|ARM.Build.0 = Debug|ARM
		{6C9792CD-B4EF-4C8C-B9BB-1B7717BBD248}.Debug|ARM.Deploy.0 = Debug|ARM
		{6C9792CD-B4EF-4C8C-B9BB-1B7717BBD248}.Debug|Mixed Platforms.ActiveCfg = Debug|ARM
		{6C9792CD-B4EF-4C8C-B9BB-1B7717BBD248}.Debug|Mixed Platforms.Build.0 = Debug|ARM
		{6C9792CD-B4EF-4C8C-B9BB-1B7717BBD248}.Debug|Mixed Platforms.Deploy.0 = Debug|ARM
		{6C9792CD-B4EF-4C8C-B9BB-1B7717BBD248}.Debug|x86.ActiveCfg = Debug|x86
		{6C9792CD-B4EF-4C8C-B9BB-1B7717BBD248}.Debug|x86.Build.0 = Debug|x86
		{6C9792CD-B4EF-4C8C-B9BB-1B7717BBD248}.Debug|x86.Deploy.0 = Debug|x86
		{6C9792CD-B4EF-4C8C-B9BB-1B7717BBD248}.iOS|Any CPU.ActiveCfg = Release|x86
		{6C9792CD-B4EF-4C8C-B9BB-1B7717BBD248}.iOS|ARM.ActiveCfg = Release|ARM
		{6C9792CD-B4EF-4C8C-B9BB-1B7717BBD248}.iOS|ARM.Build.0 = Release|ARM
		{6C9792CD-B4EF-4C8C-B9BB-1B7717BBD248}.iOS|ARM.Deploy.0 = Release|ARM
		{6C9792CD-B4EF-4C8C-B9BB-1B7717BBD248}.iOS|Mixed Platforms.ActiveCfg = Release|x86
		{6C9792CD-B4EF-4C8C-B9BB-1B7717BBD248}.iOS|Mixed Platforms.Build.0 = Release|x86
		{6C9792CD-B4EF-4C8C-B9BB-1B7717BBD248}.iOS|Mixed Platforms.Deploy.0 = Release|x86
		{6C9792CD-B4EF-4C8C-B9BB-1B7717BBD248}.iOS|x86.ActiveCfg = Release|x86
		{6C9792CD-B4EF-4C8C-B9BB-1B7717BBD248}.iOS|x86.Build.0 = Release|x86
		{6C9792CD-B4EF-4C8C-B9BB-1B7717BBD248}.iOS|x86.Deploy.0 = Release|x86
		{6C9792CD-B4EF-4C8C-B9BB-1B7717BBD248}.Linux|Any CPU.ActiveCfg = Release|x86
		{6C9792CD-B4EF-4C8C-B9BB-1B7717BBD248}.Linux|ARM.ActiveCfg = Release|ARM
		{6C9792CD-B4EF-4C8C-B9BB-1B7717BBD248}.Linux|ARM.Build.0 = Release|ARM
		{6C9792CD-B4EF-4C8C-B9BB-1B7717BBD248}.Linux|ARM.Deploy.0 = Release|ARM
		{6C9792CD-B4EF-4C8C-B9BB-1B7717BBD248}.Linux|Mixed Platforms.ActiveCfg = Release|x86
		{6C9792CD-B4EF-4C8C-B9BB-1B7717BBD248}.Linux|Mixed Platforms.Build.0 = Release|x86
		{6C9792CD-B4EF-4C8C-B9BB-1B7717BBD248}.Linux|Mixed Platforms.Deploy.0 = Release|x86
		{6C9792CD-B4EF-4C8C-B9BB-1B7717BBD248}.Linux|x86.ActiveCfg = Release|x86
		{6C9792CD-B4EF-4C8C-B9BB-1B7717BBD248}.Linux|x86.Build.0 = Release|x86
		{6C9792CD-B4EF-4C8C-B9BB-1B7717BBD248}.Linux|x86.Deploy.0 = Release|x86
		{6C9792CD-B4EF-4C8C-B9BB-1B7717BBD248}.OSX|Any CPU.ActiveCfg = Release|x86
		{6C9792CD-B4EF-4C8C-B9BB-1B7717BBD248}.OSX|ARM.ActiveCfg = Release|ARM
		{6C9792CD-B4EF-4C8C-B9BB-1B7717BBD248}.OSX|ARM.Build.0 = Release|ARM
		{6C9792CD-B4EF-4C8C-B9BB-1B7717BBD248}.OSX|ARM.Deploy.0 = Release|ARM
		{6C9792CD-B4EF-4C8C-B9BB-1B7717BBD248}.OSX|Mixed Platforms.ActiveCfg = Release|x86
		{6C9792CD-B4EF-4C8C-B9BB-1B7717BBD248}.OSX|Mixed Platforms.Build.0 = Release|x86
		{6C9792CD-B4EF-4C8C-B9BB-1B7717BBD248}.OSX|Mixed Platforms.Deploy.0 = Release|x86
		{6C9792CD-B4EF-4C8C-B9BB-1B7717BBD248}.OSX|x86.ActiveCfg = Release|x86
		{6C9792CD-B4EF-4C8C-B9BB-1B7717BBD248}.OSX|x86.Build.0 = Release|x86
		{6C9792CD-B4EF-4C8C-B9BB-1B7717BBD248}.OSX|x86.Deploy.0 = Release|x86
		{6C9792CD-B4EF-4C8C-B9BB-1B7717BBD248}.PSM|Any CPU.ActiveCfg = Release|x86
		{6C9792CD-B4EF-4C8C-B9BB-1B7717BBD248}.PSM|ARM.ActiveCfg = Release|ARM
		{6C9792CD-B4EF-4C8C-B9BB-1B7717BBD248}.PSM|ARM.Build.0 = Release|ARM
		{6C9792CD-B4EF-4C8C-B9BB-1B7717BBD248}.PSM|ARM.Deploy.0 = Release|ARM
		{6C9792CD-B4EF-4C8C-B9BB-1B7717BBD248}.PSM|Mixed Platforms.ActiveCfg = Release|x86
		{6C9792CD-B4EF-4C8C-B9BB-1B7717BBD248}.PSM|Mixed Platforms.Build.0 = Release|x86
		{6C9792CD-B4EF-4C8C-B9BB-1B7717BBD248}.PSM|Mixed Platforms.Deploy.0 = Release|x86
		{6C9792CD-B4EF-4C8C-B9BB-1B7717BBD248}.PSM|x86.ActiveCfg = Release|x86
		{6C9792CD-B4EF-4C8C-B9BB-1B7717BBD248}.PSM|x86.Build.0 = Release|x86
		{6C9792CD-B4EF-4C8C-B9BB-1B7717BBD248}.PSM|x86.Deploy.0 = Release|x86
		{6C9792CD-B4EF-4C8C-B9BB-1B7717BBD248}.Release|Any CPU.ActiveCfg = Release|ARM
		{6C9792CD-B4EF-4C8C-B9BB-1B7717BBD248}.Release|Any CPU.Build.0 = Release|ARM
		{6C9792CD-B4EF-4C8C-B9BB-1B7717BBD248}.Release|Any CPU.Deploy.0 = Release|ARM
		{6C9792CD-B4EF-4C8C-B9BB-1B7717BBD248}.Release|ARM.ActiveCfg = Release|ARM
		{6C9792CD-B4EF-4C8C-B9BB-1B7717BBD248}.Release|ARM.Build.0 = Release|ARM
		{6C9792CD-B4EF-4C8C-B9BB-1B7717BBD248}.Release|ARM.Deploy.0 = Release|ARM
		{6C9792CD-B4EF-4C8C-B9BB-1B7717BBD248}.Release|Mixed Platforms.ActiveCfg = Release|ARM
		{6C9792CD-B4EF-4C8C-B9BB-1B7717BBD248}.Release|Mixed Platforms.Build.0 = Release|ARM
		{6C9792CD-B4EF-4C8C-B9BB-1B7717BBD248}.Release|Mixed Platforms.Deploy.0 = Release|ARM
		{6C9792CD-B4EF-4C8C-B9BB-1B7717BBD248}.Release|x86.ActiveCfg = Release|x86
		{6C9792CD-B4EF-4C8C-B9BB-1B7717BBD248}.Release|x86.Build.0 = Release|x86
		{6C9792CD-B4EF-4C8C-B9BB-1B7717BBD248}.Release|x86.Deploy.0 = Release|x86
		{6C9792CD-B4EF-4C8C-B9BB-1B7717BBD248}.Windows|Any CPU.ActiveCfg = Release|x86
		{6C9792CD-B4EF-4C8C-B9BB-1B7717BBD248}.Windows|ARM.ActiveCfg = Release|ARM
		{6C9792CD-B4EF-4C8C-B9BB-1B7717BBD248}.Windows|ARM.Build.0 = Release|ARM
		{6C9792CD-B4EF-4C8C-B9BB-1B7717BBD248}.Windows|ARM.Deploy.0 = Release|ARM
		{6C9792CD-B4EF-4C8C-B9BB-1B7717BBD248}.Windows|Mixed Platforms.ActiveCfg = Release|x86
		{6C9792CD-B4EF-4C8C-B9BB-1B7717BBD248}.Windows|Mixed Platforms.Build.0 = Release|x86
		{6C9792CD-B4EF-4C8C-B9BB-1B7717BBD248}.Windows|Mixed Platforms.Deploy.0 = Release|x86
		{6C9792CD-B4EF-4C8C-B9BB-1B7717BBD248}.Windows|x86.ActiveCfg = Release|x86
		{6C9792CD-B4EF-4C8C-B9BB-1B7717BBD248}.Windows|x86.Build.0 = Release|x86
		{6C9792CD-B4EF-4C8C-B9BB-1B7717BBD248}.Windows|x86.Deploy.0 = Release|x86
		{6C9792CD-B4EF-4C8C-B9BB-1B7717BBD248}.Windows8|Any CPU.ActiveCfg = Release|x86
		{6C9792CD-B4EF-4C8C-B9BB-1B7717BBD248}.Windows8|Any CPU.Build.0 = Release|x86
		{6C9792CD-B4EF-4C8C-B9BB-1B7717BBD248}.Windows8|Any CPU.Deploy.0 = Release|x86
		{6C9792CD-B4EF-4C8C-B9BB-1B7717BBD248}.Windows8|ARM.ActiveCfg = Release|ARM
		{6C9792CD-B4EF-4C8C-B9BB-1B7717BBD248}.Windows8|ARM.Build.0 = Release|ARM
		{6C9792CD-B4EF-4C8C-B9BB-1B7717BBD248}.Windows8|ARM.Deploy.0 = Release|ARM
		{6C9792CD-B4EF-4C8C-B9BB-1B7717BBD248}.Windows8|Mixed Platforms.ActiveCfg = Release|x86
		{6C9792CD-B4EF-4C8C-B9BB-1B7717BBD248}.Windows8|Mixed Platforms.Build.0 = Release|x86
		{6C9792CD-B4EF-4C8C-B9BB-1B7717BBD248}.Windows8|Mixed Platforms.Deploy.0 = Release|x86
		{6C9792CD-B4EF-4C8C-B9BB-1B7717BBD248}.Windows8|x86.ActiveCfg = Release|x86
		{6C9792CD-B4EF-4C8C-B9BB-1B7717BBD248}.Windows8|x86.Build.0 = Release|x86
		{6C9792CD-B4EF-4C8C-B9BB-1B7717BBD248}.Windows8|x86.Deploy.0 = Release|x86
		{CD3ACD9C-E5F3-4B91-8D42-C2BD1E1B551A}.Android|Any CPU.ActiveCfg = Android|Any CPU
		{CD3ACD9C-E5F3-4B91-8D42-C2BD1E1B551A}.Android|Any CPU.Build.0 = Android|Any CPU
		{CD3ACD9C-E5F3-4B91-8D42-C2BD1E1B551A}.Android|ARM.ActiveCfg = Android|Any CPU
		{CD3ACD9C-E5F3-4B91-8D42-C2BD1E1B551A}.Android|Mixed Platforms.ActiveCfg = Android|Any CPU
		{CD3ACD9C-E5F3-4B91-8D42-C2BD1E1B551A}.Android|Mixed Platforms.Build.0 = Android|Any CPU
		{CD3ACD9C-E5F3-4B91-8D42-C2BD1E1B551A}.Android|x86.ActiveCfg = Android|Any CPU
		{CD3ACD9C-E5F3-4B91-8D42-C2BD1E1B551A}.Debug|Any CPU.ActiveCfg = Windows8|Any CPU
		{CD3ACD9C-E5F3-4B91-8D42-C2BD1E1B551A}.Debug|Any CPU.Build.0 = Windows8|Any CPU
		{CD3ACD9C-E5F3-4B91-8D42-C2BD1E1B551A}.Debug|ARM.ActiveCfg = Windows8|Any CPU
		{CD3ACD9C-E5F3-4B91-8D42-C2BD1E1B551A}.Debug|ARM.Build.0 = Windows8|Any CPU
		{CD3ACD9C-E5F3-4B91-8D42-C2BD1E1B551A}.Debug|Mixed Platforms.ActiveCfg = Windows8|Any CPU
		{CD3ACD9C-E5F3-4B91-8D42-C2BD1E1B551A}.Debug|Mixed Platforms.Build.0 = Windows8|Any CPU
		{CD3ACD9C-E5F3-4B91-8D42-C2BD1E1B551A}.Debug|x86.ActiveCfg = PSM|Any CPU
		{CD3ACD9C-E5F3-4B91-8D42-C2BD1E1B551A}.iOS|Any CPU.ActiveCfg = iOS|Any CPU
		{CD3ACD9C-E5F3-4B91-8D42-C2BD1E1B551A}.iOS|Any CPU.Build.0 = iOS|Any CPU
		{CD3ACD9C-E5F3-4B91-8D42-C2BD1E1B551A}.iOS|ARM.ActiveCfg = iOS|Any CPU
		{CD3ACD9C-E5F3-4B91-8D42-C2BD1E1B551A}.iOS|Mixed Platforms.ActiveCfg = iOS|Any CPU
		{CD3ACD9C-E5F3-4B91-8D42-C2BD1E1B551A}.iOS|Mixed Platforms.Build.0 = iOS|Any CPU
		{CD3ACD9C-E5F3-4B91-8D42-C2BD1E1B551A}.iOS|x86.ActiveCfg = iOS|Any CPU
		{CD3ACD9C-E5F3-4B91-8D42-C2BD1E1B551A}.Linux|Any CPU.ActiveCfg = Linux|Any CPU
		{CD3ACD9C-E5F3-4B91-8D42-C2BD1E1B551A}.Linux|Any CPU.Build.0 = Linux|Any CPU
		{CD3ACD9C-E5F3-4B91-8D42-C2BD1E1B551A}.Linux|ARM.ActiveCfg = Linux|Any CPU
		{CD3ACD9C-E5F3-4B91-8D42-C2BD1E1B551A}.Linux|Mixed Platforms.ActiveCfg = Linux|Any CPU
		{CD3ACD9C-E5F3-4B91-8D42-C2BD1E1B551A}.Linux|Mixed Platforms.Build.0 = Linux|Any CPU
		{CD3ACD9C-E5F3-4B91-8D42-C2BD1E1B551A}.Linux|x86.ActiveCfg = Linux|Any CPU
		{CD3ACD9C-E5F3-4B91-8D42-C2BD1E1B551A}.OSX|Any CPU.ActiveCfg = OSX|Any CPU
		{CD3ACD9C-E5F3-4B91-8D42-C2BD1E1B551A}.OSX|Any CPU.Build.0 = OSX|Any CPU
		{CD3ACD9C-E5F3-4B91-8D42-C2BD1E1B551A}.OSX|ARM.ActiveCfg = OSX|Any CPU
		{CD3ACD9C-E5F3-4B91-8D42-C2BD1E1B551A}.OSX|Mixed Platforms.ActiveCfg = OSX|Any CPU
		{CD3ACD9C-E5F3-4B91-8D42-C2BD1E1B551A}.OSX|Mixed Platforms.Build.0 = OSX|Any CPU
		{CD3ACD9C-E5F3-4B91-8D42-C2BD1E1B551A}.OSX|x86.ActiveCfg = OSX|Any CPU
		{CD3ACD9C-E5F3-4B91-8D42-C2BD1E1B551A}.PSM|Any CPU.ActiveCfg = PSM|Any CPU
		{CD3ACD9C-E5F3-4B91-8D42-C2BD1E1B551A}.PSM|Any CPU.Build.0 = PSM|Any CPU
		{CD3ACD9C-E5F3-4B91-8D42-C2BD1E1B551A}.PSM|ARM.ActiveCfg = PSM|Any CPU
		{CD3ACD9C-E5F3-4B91-8D42-C2BD1E1B551A}.PSM|Mixed Platforms.ActiveCfg = PSM|Any CPU
		{CD3ACD9C-E5F3-4B91-8D42-C2BD1E1B551A}.PSM|Mixed Platforms.Build.0 = PSM|Any CPU
		{CD3ACD9C-E5F3-4B91-8D42-C2BD1E1B551A}.PSM|x86.ActiveCfg = PSM|Any CPU
		{CD3ACD9C-E5F3-4B91-8D42-C2BD1E1B551A}.Release|Any CPU.ActiveCfg = Windows8|Any CPU
		{CD3ACD9C-E5F3-4B91-8D42-C2BD1E1B551A}.Release|Any CPU.Build.0 = Windows8|Any CPU
		{CD3ACD9C-E5F3-4B91-8D42-C2BD1E1B551A}.Release|ARM.ActiveCfg = Windows8|Any CPU
		{CD3ACD9C-E5F3-4B91-8D42-C2BD1E1B551A}.Release|ARM.Build.0 = Windows8|Any CPU
		{CD3ACD9C-E5F3-4B91-8D42-C2BD1E1B551A}.Release|Mixed Platforms.ActiveCfg = Windows8|Any CPU
		{CD3ACD9C-E5F3-4B91-8D42-C2BD1E1B551A}.Release|Mixed Platforms.Build.0 = Windows8|Any CPU
		{CD3ACD9C-E5F3-4B91-8D42-C2BD1E1B551A}.Release|x86.ActiveCfg = PSM|Any CPU
		{CD3ACD9C-E5F3-4B91-8D42-C2BD1E1B551A}.Windows|Any CPU.ActiveCfg = Windows|Any CPU
		{CD3ACD9C-E5F3-4B91-8D42-C2BD1E1B551A}.Windows|Any CPU.Build.0 = Windows|Any CPU
		{CD3ACD9C-E5F3-4B91-8D42-C2BD1E1B551A}.Windows|ARM.ActiveCfg = Windows|Any CPU
		{CD3ACD9C-E5F3-4B91-8D42-C2BD1E1B551A}.Windows|Mixed Platforms.ActiveCfg = Windows|Any CPU
		{CD3ACD9C-E5F3-4B91-8D42-C2BD1E1B551A}.Windows|Mixed Platforms.Build.0 = Windows|Any CPU
		{CD3ACD9C-E5F3-4B91-8D42-C2BD1E1B551A}.Windows|x86.ActiveCfg = Windows|Any CPU
		{CD3ACD9C-E5F3-4B91-8D42-C2BD1E1B551A}.Windows8|Any CPU.ActiveCfg = Windows8|Any CPU
		{CD3ACD9C-E5F3-4B91-8D42-C2BD1E1B551A}.Windows8|Any CPU.Build.0 = Windows8|Any CPU
		{CD3ACD9C-E5F3-4B91-8D42-C2BD1E1B551A}.Windows8|ARM.ActiveCfg = Windows8|Any CPU
		{CD3ACD9C-E5F3-4B91-8D42-C2BD1E1B551A}.Windows8|ARM.Build.0 = Windows8|Any CPU
		{CD3ACD9C-E5F3-4B91-8D42-C2BD1E1B551A}.Windows8|Mixed Platforms.ActiveCfg = Windows8|Any CPU
		{CD3ACD9C-E5F3-4B91-8D42-C2BD1E1B551A}.Windows8|Mixed Platforms.Build.0 = Windows8|Any CPU
		{CD3ACD9C-E5F3-4B91-8D42-C2BD1E1B551A}.Windows8|x86.ActiveCfg = Windows8|Any CPU
		{5B153DF1-18CE-4086-AB90-7606A85B3D73}.Android|Any CPU.ActiveCfg = Android|Any CPU
		{5B153DF1-18CE-4086-AB90-7606A85B3D73}.Android|ARM.ActiveCfg = Android|Any CPU
		{5B153DF1-18CE-4086-AB90-7606A85B3D73}.Android|Mixed Platforms.ActiveCfg = Android|Any CPU
		{5B153DF1-18CE-4086-AB90-7606A85B3D73}.Android|x86.ActiveCfg = Android|Any CPU
		{5B153DF1-18CE-4086-AB90-7606A85B3D73}.Debug|Any CPU.ActiveCfg = PSM|Any CPU
		{5B153DF1-18CE-4086-AB90-7606A85B3D73}.Debug|ARM.ActiveCfg = PSM|Any CPU
		{5B153DF1-18CE-4086-AB90-7606A85B3D73}.Debug|Mixed Platforms.ActiveCfg = PSM|Any CPU
		{5B153DF1-18CE-4086-AB90-7606A85B3D73}.Debug|x86.ActiveCfg = PSM|Any CPU
		{5B153DF1-18CE-4086-AB90-7606A85B3D73}.iOS|Any CPU.ActiveCfg = iOS|Any CPU
		{5B153DF1-18CE-4086-AB90-7606A85B3D73}.iOS|ARM.ActiveCfg = iOS|Any CPU
		{5B153DF1-18CE-4086-AB90-7606A85B3D73}.iOS|Mixed Platforms.ActiveCfg = iOS|Any CPU
		{5B153DF1-18CE-4086-AB90-7606A85B3D73}.iOS|x86.ActiveCfg = iOS|Any CPU
		{5B153DF1-18CE-4086-AB90-7606A85B3D73}.Linux|Any CPU.ActiveCfg = Linux|Any CPU
		{5B153DF1-18CE-4086-AB90-7606A85B3D73}.Linux|ARM.ActiveCfg = Linux|Any CPU
		{5B153DF1-18CE-4086-AB90-7606A85B3D73}.Linux|Mixed Platforms.ActiveCfg = Linux|Any CPU
		{5B153DF1-18CE-4086-AB90-7606A85B3D73}.Linux|x86.ActiveCfg = Linux|Any CPU
		{5B153DF1-18CE-4086-AB90-7606A85B3D73}.OSX|Any CPU.ActiveCfg = OSX|Any CPU
		{5B153DF1-18CE-4086-AB90-7606A85B3D73}.OSX|ARM.ActiveCfg = OSX|Any CPU
		{5B153DF1-18CE-4086-AB90-7606A85B3D73}.OSX|Mixed Platforms.ActiveCfg = OSX|Any CPU
		{5B153DF1-18CE-4086-AB90-7606A85B3D73}.OSX|x86.ActiveCfg = OSX|Any CPU
		{5B153DF1-18CE-4086-AB90-7606A85B3D73}.PSM|Any CPU.ActiveCfg = PSM|Any CPU
		{5B153DF1-18CE-4086-AB90-7606A85B3D73}.PSM|ARM.ActiveCfg = PSM|Any CPU
		{5B153DF1-18CE-4086-AB90-7606A85B3D73}.PSM|Mixed Platforms.ActiveCfg = PSM|Any CPU
		{5B153DF1-18CE-4086-AB90-7606A85B3D73}.PSM|x86.ActiveCfg = PSM|Any CPU
		{5B153DF1-18CE-4086-AB90-7606A85B3D73}.Release|Any CPU.ActiveCfg = PSM|Any CPU
		{5B153DF1-18CE-4086-AB90-7606A85B3D73}.Release|ARM.ActiveCfg = PSM|Any CPU
		{5B153DF1-18CE-4086-AB90-7606A85B3D73}.Release|Mixed Platforms.ActiveCfg = PSM|Any CPU
		{5B153DF1-18CE-4086-AB90-7606A85B3D73}.Release|x86.ActiveCfg = PSM|Any CPU
		{5B153DF1-18CE-4086-AB90-7606A85B3D73}.Windows|Any CPU.ActiveCfg = Windows|Any CPU
		{5B153DF1-18CE-4086-AB90-7606A85B3D73}.Windows|ARM.ActiveCfg = Windows|Any CPU
		{5B153DF1-18CE-4086-AB90-7606A85B3D73}.Windows|Mixed Platforms.ActiveCfg = Windows|Any CPU
		{5B153DF1-18CE-4086-AB90-7606A85B3D73}.Windows|x86.ActiveCfg = Windows|Any CPU
		{5B153DF1-18CE-4086-AB90-7606A85B3D73}.Windows8|Any CPU.ActiveCfg = Windows8|Any CPU
		{5B153DF1-18CE-4086-AB90-7606A85B3D73}.Windows8|ARM.ActiveCfg = Windows8|Any CPU
		{5B153DF1-18CE-4086-AB90-7606A85B3D73}.Windows8|Mixed Platforms.ActiveCfg = Windows8|Any CPU
		{5B153DF1-18CE-4086-AB90-7606A85B3D73}.Windows8|x86.ActiveCfg = Windows8|Any CPU
		{B564FD33-FA50-46B2-B669-2D83DE3AF5E4}.Android|Any CPU.ActiveCfg = Release|Any CPU
		{B564FD33-FA50-46B2-B669-2D83DE3AF5E4}.Android|Any CPU.Build.0 = Release|Any CPU
		{B564FD33-FA50-46B2-B669-2D83DE3AF5E4}.Android|ARM.ActiveCfg = Release|Any CPU
		{B564FD33-FA50-46B2-B669-2D83DE3AF5E4}.Android|Mixed Platforms.ActiveCfg = Release|x86
		{B564FD33-FA50-46B2-B669-2D83DE3AF5E4}.Android|Mixed Platforms.Build.0 = Release|x86
		{B564FD33-FA50-46B2-B669-2D83DE3AF5E4}.Android|x86.ActiveCfg = Release|x86
		{B564FD33-FA50-46B2-B669-2D83DE3AF5E4}.Android|x86.Build.0 = Release|x86
		{B564FD33-FA50-46B2-B669-2D83DE3AF5E4}.Debug|Any CPU.ActiveCfg = Debug|Any CPU
		{B564FD33-FA50-46B2-B669-2D83DE3AF5E4}.Debug|ARM.ActiveCfg = Debug|Any CPU
		{B564FD33-FA50-46B2-B669-2D83DE3AF5E4}.Debug|Mixed Platforms.ActiveCfg = Debug|x86
		{B564FD33-FA50-46B2-B669-2D83DE3AF5E4}.Debug|Mixed Platforms.Build.0 = Debug|x86
		{B564FD33-FA50-46B2-B669-2D83DE3AF5E4}.Debug|x86.ActiveCfg = Debug|x86
		{B564FD33-FA50-46B2-B669-2D83DE3AF5E4}.Debug|x86.Build.0 = Debug|x86
		{B564FD33-FA50-46B2-B669-2D83DE3AF5E4}.iOS|Any CPU.ActiveCfg = Release|Any CPU
		{B564FD33-FA50-46B2-B669-2D83DE3AF5E4}.iOS|Any CPU.Build.0 = Release|Any CPU
		{B564FD33-FA50-46B2-B669-2D83DE3AF5E4}.iOS|ARM.ActiveCfg = Release|Any CPU
		{B564FD33-FA50-46B2-B669-2D83DE3AF5E4}.iOS|Mixed Platforms.ActiveCfg = Release|x86
		{B564FD33-FA50-46B2-B669-2D83DE3AF5E4}.iOS|Mixed Platforms.Build.0 = Release|x86
		{B564FD33-FA50-46B2-B669-2D83DE3AF5E4}.iOS|x86.ActiveCfg = Release|x86
		{B564FD33-FA50-46B2-B669-2D83DE3AF5E4}.iOS|x86.Build.0 = Release|x86
		{B564FD33-FA50-46B2-B669-2D83DE3AF5E4}.Linux|Any CPU.ActiveCfg = Release|Any CPU
		{B564FD33-FA50-46B2-B669-2D83DE3AF5E4}.Linux|Any CPU.Build.0 = Release|Any CPU
		{B564FD33-FA50-46B2-B669-2D83DE3AF5E4}.Linux|ARM.ActiveCfg = Release|Any CPU
		{B564FD33-FA50-46B2-B669-2D83DE3AF5E4}.Linux|Mixed Platforms.ActiveCfg = Release|x86
		{B564FD33-FA50-46B2-B669-2D83DE3AF5E4}.Linux|Mixed Platforms.Build.0 = Release|x86
		{B564FD33-FA50-46B2-B669-2D83DE3AF5E4}.Linux|x86.ActiveCfg = Release|x86
		{B564FD33-FA50-46B2-B669-2D83DE3AF5E4}.Linux|x86.Build.0 = Release|x86
		{B564FD33-FA50-46B2-B669-2D83DE3AF5E4}.OSX|Any CPU.ActiveCfg = Release|Any CPU
		{B564FD33-FA50-46B2-B669-2D83DE3AF5E4}.OSX|Any CPU.Build.0 = Release|Any CPU
		{B564FD33-FA50-46B2-B669-2D83DE3AF5E4}.OSX|ARM.ActiveCfg = Release|Any CPU
		{B564FD33-FA50-46B2-B669-2D83DE3AF5E4}.OSX|Mixed Platforms.ActiveCfg = Release|x86
		{B564FD33-FA50-46B2-B669-2D83DE3AF5E4}.OSX|Mixed Platforms.Build.0 = Release|x86
		{B564FD33-FA50-46B2-B669-2D83DE3AF5E4}.OSX|x86.ActiveCfg = Release|x86
		{B564FD33-FA50-46B2-B669-2D83DE3AF5E4}.OSX|x86.Build.0 = Release|x86
		{B564FD33-FA50-46B2-B669-2D83DE3AF5E4}.PSM|Any CPU.ActiveCfg = Release|Any CPU
		{B564FD33-FA50-46B2-B669-2D83DE3AF5E4}.PSM|Any CPU.Build.0 = Release|Any CPU
		{B564FD33-FA50-46B2-B669-2D83DE3AF5E4}.PSM|ARM.ActiveCfg = Release|Any CPU
		{B564FD33-FA50-46B2-B669-2D83DE3AF5E4}.PSM|Mixed Platforms.ActiveCfg = Release|x86
		{B564FD33-FA50-46B2-B669-2D83DE3AF5E4}.PSM|Mixed Platforms.Build.0 = Release|x86
		{B564FD33-FA50-46B2-B669-2D83DE3AF5E4}.PSM|x86.ActiveCfg = Release|x86
		{B564FD33-FA50-46B2-B669-2D83DE3AF5E4}.PSM|x86.Build.0 = Release|x86
		{B564FD33-FA50-46B2-B669-2D83DE3AF5E4}.Release|Any CPU.ActiveCfg = Release|Any CPU
		{B564FD33-FA50-46B2-B669-2D83DE3AF5E4}.Release|ARM.ActiveCfg = Release|Any CPU
		{B564FD33-FA50-46B2-B669-2D83DE3AF5E4}.Release|Mixed Platforms.ActiveCfg = Release|x86
		{B564FD33-FA50-46B2-B669-2D83DE3AF5E4}.Release|Mixed Platforms.Build.0 = Release|x86
		{B564FD33-FA50-46B2-B669-2D83DE3AF5E4}.Release|x86.ActiveCfg = Release|x86
		{B564FD33-FA50-46B2-B669-2D83DE3AF5E4}.Release|x86.Build.0 = Release|x86
		{B564FD33-FA50-46B2-B669-2D83DE3AF5E4}.Windows|Any CPU.ActiveCfg = Release|Any CPU
		{B564FD33-FA50-46B2-B669-2D83DE3AF5E4}.Windows|Any CPU.Build.0 = Release|Any CPU
		{B564FD33-FA50-46B2-B669-2D83DE3AF5E4}.Windows|ARM.ActiveCfg = Release|Any CPU
		{B564FD33-FA50-46B2-B669-2D83DE3AF5E4}.Windows|Mixed Platforms.ActiveCfg = Release|x86
		{B564FD33-FA50-46B2-B669-2D83DE3AF5E4}.Windows|Mixed Platforms.Build.0 = Release|x86
		{B564FD33-FA50-46B2-B669-2D83DE3AF5E4}.Windows|x86.ActiveCfg = Release|x86
		{B564FD33-FA50-46B2-B669-2D83DE3AF5E4}.Windows|x86.Build.0 = Release|x86
		{B564FD33-FA50-46B2-B669-2D83DE3AF5E4}.Windows8|Any CPU.ActiveCfg = Release|Any CPU
		{B564FD33-FA50-46B2-B669-2D83DE3AF5E4}.Windows8|ARM.ActiveCfg = Release|Any CPU
		{B564FD33-FA50-46B2-B669-2D83DE3AF5E4}.Windows8|Mixed Platforms.ActiveCfg = Release|x86
		{B564FD33-FA50-46B2-B669-2D83DE3AF5E4}.Windows8|Mixed Platforms.Build.0 = Release|x86
		{B564FD33-FA50-46B2-B669-2D83DE3AF5E4}.Windows8|x86.ActiveCfg = Release|x86
		{B564FD33-FA50-46B2-B669-2D83DE3AF5E4}.Windows8|x86.Build.0 = Release|x86
		{315EE7BF-EAE2-42C0-BFC6-CCA9160F3CFE}.Android|Any CPU.ActiveCfg = Release|Any CPU
		{315EE7BF-EAE2-42C0-BFC6-CCA9160F3CFE}.Android|Any CPU.Build.0 = Release|Any CPU
		{315EE7BF-EAE2-42C0-BFC6-CCA9160F3CFE}.Android|ARM.ActiveCfg = Release|Any CPU
		{315EE7BF-EAE2-42C0-BFC6-CCA9160F3CFE}.Android|Mixed Platforms.ActiveCfg = Release|x86
		{315EE7BF-EAE2-42C0-BFC6-CCA9160F3CFE}.Android|Mixed Platforms.Build.0 = Release|x86
		{315EE7BF-EAE2-42C0-BFC6-CCA9160F3CFE}.Android|x86.ActiveCfg = Release|x86
		{315EE7BF-EAE2-42C0-BFC6-CCA9160F3CFE}.Android|x86.Build.0 = Release|x86
		{315EE7BF-EAE2-42C0-BFC6-CCA9160F3CFE}.Debug|Any CPU.ActiveCfg = Debug|Any CPU
		{315EE7BF-EAE2-42C0-BFC6-CCA9160F3CFE}.Debug|ARM.ActiveCfg = Debug|Any CPU
		{315EE7BF-EAE2-42C0-BFC6-CCA9160F3CFE}.Debug|Mixed Platforms.ActiveCfg = Debug|x86
		{315EE7BF-EAE2-42C0-BFC6-CCA9160F3CFE}.Debug|Mixed Platforms.Build.0 = Debug|x86
		{315EE7BF-EAE2-42C0-BFC6-CCA9160F3CFE}.Debug|x86.ActiveCfg = Debug|x86
		{315EE7BF-EAE2-42C0-BFC6-CCA9160F3CFE}.Debug|x86.Build.0 = Debug|x86
		{315EE7BF-EAE2-42C0-BFC6-CCA9160F3CFE}.iOS|Any CPU.ActiveCfg = Release|Any CPU
		{315EE7BF-EAE2-42C0-BFC6-CCA9160F3CFE}.iOS|Any CPU.Build.0 = Release|Any CPU
		{315EE7BF-EAE2-42C0-BFC6-CCA9160F3CFE}.iOS|ARM.ActiveCfg = Release|Any CPU
		{315EE7BF-EAE2-42C0-BFC6-CCA9160F3CFE}.iOS|Mixed Platforms.ActiveCfg = Release|x86
		{315EE7BF-EAE2-42C0-BFC6-CCA9160F3CFE}.iOS|Mixed Platforms.Build.0 = Release|x86
		{315EE7BF-EAE2-42C0-BFC6-CCA9160F3CFE}.iOS|x86.ActiveCfg = Release|x86
		{315EE7BF-EAE2-42C0-BFC6-CCA9160F3CFE}.iOS|x86.Build.0 = Release|x86
		{315EE7BF-EAE2-42C0-BFC6-CCA9160F3CFE}.Linux|Any CPU.ActiveCfg = Release|Any CPU
		{315EE7BF-EAE2-42C0-BFC6-CCA9160F3CFE}.Linux|Any CPU.Build.0 = Release|Any CPU
		{315EE7BF-EAE2-42C0-BFC6-CCA9160F3CFE}.Linux|ARM.ActiveCfg = Release|Any CPU
		{315EE7BF-EAE2-42C0-BFC6-CCA9160F3CFE}.Linux|Mixed Platforms.ActiveCfg = Release|x86
		{315EE7BF-EAE2-42C0-BFC6-CCA9160F3CFE}.Linux|Mixed Platforms.Build.0 = Release|x86
		{315EE7BF-EAE2-42C0-BFC6-CCA9160F3CFE}.Linux|x86.ActiveCfg = Release|x86
		{315EE7BF-EAE2-42C0-BFC6-CCA9160F3CFE}.Linux|x86.Build.0 = Release|x86
		{315EE7BF-EAE2-42C0-BFC6-CCA9160F3CFE}.OSX|Any CPU.ActiveCfg = Release|Any CPU
		{315EE7BF-EAE2-42C0-BFC6-CCA9160F3CFE}.OSX|Any CPU.Build.0 = Release|Any CPU
		{315EE7BF-EAE2-42C0-BFC6-CCA9160F3CFE}.OSX|ARM.ActiveCfg = Release|Any CPU
		{315EE7BF-EAE2-42C0-BFC6-CCA9160F3CFE}.OSX|Mixed Platforms.ActiveCfg = Release|x86
		{315EE7BF-EAE2-42C0-BFC6-CCA9160F3CFE}.OSX|Mixed Platforms.Build.0 = Release|x86
		{315EE7BF-EAE2-42C0-BFC6-CCA9160F3CFE}.OSX|x86.ActiveCfg = Release|x86
		{315EE7BF-EAE2-42C0-BFC6-CCA9160F3CFE}.OSX|x86.Build.0 = Release|x86
		{315EE7BF-EAE2-42C0-BFC6-CCA9160F3CFE}.PSM|Any CPU.ActiveCfg = Release|Any CPU
		{315EE7BF-EAE2-42C0-BFC6-CCA9160F3CFE}.PSM|Any CPU.Build.0 = Release|Any CPU
		{315EE7BF-EAE2-42C0-BFC6-CCA9160F3CFE}.PSM|ARM.ActiveCfg = Release|Any CPU
		{315EE7BF-EAE2-42C0-BFC6-CCA9160F3CFE}.PSM|Mixed Platforms.ActiveCfg = Release|x86
		{315EE7BF-EAE2-42C0-BFC6-CCA9160F3CFE}.PSM|Mixed Platforms.Build.0 = Release|x86
		{315EE7BF-EAE2-42C0-BFC6-CCA9160F3CFE}.PSM|x86.ActiveCfg = Release|x86
		{315EE7BF-EAE2-42C0-BFC6-CCA9160F3CFE}.PSM|x86.Build.0 = Release|x86
		{315EE7BF-EAE2-42C0-BFC6-CCA9160F3CFE}.Release|Any CPU.ActiveCfg = Release|Any CPU
		{315EE7BF-EAE2-42C0-BFC6-CCA9160F3CFE}.Release|ARM.ActiveCfg = Release|Any CPU
		{315EE7BF-EAE2-42C0-BFC6-CCA9160F3CFE}.Release|Mixed Platforms.ActiveCfg = Release|x86
		{315EE7BF-EAE2-42C0-BFC6-CCA9160F3CFE}.Release|Mixed Platforms.Build.0 = Release|x86
		{315EE7BF-EAE2-42C0-BFC6-CCA9160F3CFE}.Release|x86.ActiveCfg = Release|x86
		{315EE7BF-EAE2-42C0-BFC6-CCA9160F3CFE}.Release|x86.Build.0 = Release|x86
		{315EE7BF-EAE2-42C0-BFC6-CCA9160F3CFE}.Windows|Any CPU.ActiveCfg = Release|Any CPU
		{315EE7BF-EAE2-42C0-BFC6-CCA9160F3CFE}.Windows|Any CPU.Build.0 = Release|Any CPU
		{315EE7BF-EAE2-42C0-BFC6-CCA9160F3CFE}.Windows|ARM.ActiveCfg = Release|Any CPU
		{315EE7BF-EAE2-42C0-BFC6-CCA9160F3CFE}.Windows|Mixed Platforms.ActiveCfg = Release|x86
		{315EE7BF-EAE2-42C0-BFC6-CCA9160F3CFE}.Windows|Mixed Platforms.Build.0 = Release|x86
		{315EE7BF-EAE2-42C0-BFC6-CCA9160F3CFE}.Windows|x86.ActiveCfg = Release|x86
		{315EE7BF-EAE2-42C0-BFC6-CCA9160F3CFE}.Windows|x86.Build.0 = Release|x86
		{315EE7BF-EAE2-42C0-BFC6-CCA9160F3CFE}.Windows8|Any CPU.ActiveCfg = Release|Any CPU
		{315EE7BF-EAE2-42C0-BFC6-CCA9160F3CFE}.Windows8|ARM.ActiveCfg = Release|Any CPU
		{315EE7BF-EAE2-42C0-BFC6-CCA9160F3CFE}.Windows8|Mixed Platforms.ActiveCfg = Release|x86
		{315EE7BF-EAE2-42C0-BFC6-CCA9160F3CFE}.Windows8|Mixed Platforms.Build.0 = Release|x86
		{315EE7BF-EAE2-42C0-BFC6-CCA9160F3CFE}.Windows8|x86.ActiveCfg = Release|x86
		{315EE7BF-EAE2-42C0-BFC6-CCA9160F3CFE}.Windows8|x86.Build.0 = Release|x86
		{FECB5BEB-AB05-454A-BB14-6A554E897274}.Android|Any CPU.ActiveCfg = Release|Any CPU
		{FECB5BEB-AB05-454A-BB14-6A554E897274}.Android|Any CPU.Build.0 = Release|Any CPU
		{FECB5BEB-AB05-454A-BB14-6A554E897274}.Android|ARM.ActiveCfg = Release|Any CPU
		{FECB5BEB-AB05-454A-BB14-6A554E897274}.Android|Mixed Platforms.ActiveCfg = Release|x86
		{FECB5BEB-AB05-454A-BB14-6A554E897274}.Android|Mixed Platforms.Build.0 = Release|x86
		{FECB5BEB-AB05-454A-BB14-6A554E897274}.Android|x86.ActiveCfg = Release|x86
		{FECB5BEB-AB05-454A-BB14-6A554E897274}.Android|x86.Build.0 = Release|x86
		{FECB5BEB-AB05-454A-BB14-6A554E897274}.Debug|Any CPU.ActiveCfg = Debug|Any CPU
		{FECB5BEB-AB05-454A-BB14-6A554E897274}.Debug|ARM.ActiveCfg = Debug|Any CPU
		{FECB5BEB-AB05-454A-BB14-6A554E897274}.Debug|Mixed Platforms.ActiveCfg = Debug|x86
		{FECB5BEB-AB05-454A-BB14-6A554E897274}.Debug|Mixed Platforms.Build.0 = Debug|x86
		{FECB5BEB-AB05-454A-BB14-6A554E897274}.Debug|x86.ActiveCfg = Debug|x86
		{FECB5BEB-AB05-454A-BB14-6A554E897274}.Debug|x86.Build.0 = Debug|x86
		{FECB5BEB-AB05-454A-BB14-6A554E897274}.iOS|Any CPU.ActiveCfg = Release|Any CPU
		{FECB5BEB-AB05-454A-BB14-6A554E897274}.iOS|Any CPU.Build.0 = Release|Any CPU
		{FECB5BEB-AB05-454A-BB14-6A554E897274}.iOS|ARM.ActiveCfg = Release|Any CPU
		{FECB5BEB-AB05-454A-BB14-6A554E897274}.iOS|Mixed Platforms.ActiveCfg = Release|x86
		{FECB5BEB-AB05-454A-BB14-6A554E897274}.iOS|Mixed Platforms.Build.0 = Release|x86
		{FECB5BEB-AB05-454A-BB14-6A554E897274}.iOS|x86.ActiveCfg = Release|x86
		{FECB5BEB-AB05-454A-BB14-6A554E897274}.iOS|x86.Build.0 = Release|x86
		{FECB5BEB-AB05-454A-BB14-6A554E897274}.Linux|Any CPU.ActiveCfg = Release|Any CPU
		{FECB5BEB-AB05-454A-BB14-6A554E897274}.Linux|Any CPU.Build.0 = Release|Any CPU
		{FECB5BEB-AB05-454A-BB14-6A554E897274}.Linux|ARM.ActiveCfg = Release|Any CPU
		{FECB5BEB-AB05-454A-BB14-6A554E897274}.Linux|Mixed Platforms.ActiveCfg = Release|x86
		{FECB5BEB-AB05-454A-BB14-6A554E897274}.Linux|Mixed Platforms.Build.0 = Release|x86
		{FECB5BEB-AB05-454A-BB14-6A554E897274}.Linux|x86.ActiveCfg = Release|x86
		{FECB5BEB-AB05-454A-BB14-6A554E897274}.Linux|x86.Build.0 = Release|x86
		{FECB5BEB-AB05-454A-BB14-6A554E897274}.OSX|Any CPU.ActiveCfg = Release|Any CPU
		{FECB5BEB-AB05-454A-BB14-6A554E897274}.OSX|Any CPU.Build.0 = Release|Any CPU
		{FECB5BEB-AB05-454A-BB14-6A554E897274}.OSX|ARM.ActiveCfg = Release|Any CPU
		{FECB5BEB-AB05-454A-BB14-6A554E897274}.OSX|Mixed Platforms.ActiveCfg = Release|x86
		{FECB5BEB-AB05-454A-BB14-6A554E897274}.OSX|Mixed Platforms.Build.0 = Release|x86
		{FECB5BEB-AB05-454A-BB14-6A554E897274}.OSX|x86.ActiveCfg = Release|x86
		{FECB5BEB-AB05-454A-BB14-6A554E897274}.OSX|x86.Build.0 = Release|x86
		{FECB5BEB-AB05-454A-BB14-6A554E897274}.PSM|Any CPU.ActiveCfg = Release|Any CPU
		{FECB5BEB-AB05-454A-BB14-6A554E897274}.PSM|Any CPU.Build.0 = Release|Any CPU
		{FECB5BEB-AB05-454A-BB14-6A554E897274}.PSM|ARM.ActiveCfg = Release|Any CPU
		{FECB5BEB-AB05-454A-BB14-6A554E897274}.PSM|Mixed Platforms.ActiveCfg = Release|x86
		{FECB5BEB-AB05-454A-BB14-6A554E897274}.PSM|Mixed Platforms.Build.0 = Release|x86
		{FECB5BEB-AB05-454A-BB14-6A554E897274}.PSM|x86.ActiveCfg = Release|x86
		{FECB5BEB-AB05-454A-BB14-6A554E897274}.PSM|x86.Build.0 = Release|x86
		{FECB5BEB-AB05-454A-BB14-6A554E897274}.Release|Any CPU.ActiveCfg = Release|Any CPU
		{FECB5BEB-AB05-454A-BB14-6A554E897274}.Release|ARM.ActiveCfg = Release|Any CPU
		{FECB5BEB-AB05-454A-BB14-6A554E897274}.Release|Mixed Platforms.ActiveCfg = Release|x86
		{FECB5BEB-AB05-454A-BB14-6A554E897274}.Release|Mixed Platforms.Build.0 = Release|x86
		{FECB5BEB-AB05-454A-BB14-6A554E897274}.Release|x86.ActiveCfg = Release|x86
		{FECB5BEB-AB05-454A-BB14-6A554E897274}.Release|x86.Build.0 = Release|x86
		{FECB5BEB-AB05-454A-BB14-6A554E897274}.Windows|Any CPU.ActiveCfg = Release|Any CPU
		{FECB5BEB-AB05-454A-BB14-6A554E897274}.Windows|Any CPU.Build.0 = Release|Any CPU
		{FECB5BEB-AB05-454A-BB14-6A554E897274}.Windows|ARM.ActiveCfg = Release|Any CPU
		{FECB5BEB-AB05-454A-BB14-6A554E897274}.Windows|Mixed Platforms.ActiveCfg = Release|x86
		{FECB5BEB-AB05-454A-BB14-6A554E897274}.Windows|Mixed Platforms.Build.0 = Release|x86
		{FECB5BEB-AB05-454A-BB14-6A554E897274}.Windows|x86.ActiveCfg = Release|x86
		{FECB5BEB-AB05-454A-BB14-6A554E897274}.Windows|x86.Build.0 = Release|x86
		{FECB5BEB-AB05-454A-BB14-6A554E897274}.Windows8|Any CPU.ActiveCfg = Release|Any CPU
		{FECB5BEB-AB05-454A-BB14-6A554E897274}.Windows8|ARM.ActiveCfg = Release|Any CPU
		{FECB5BEB-AB05-454A-BB14-6A554E897274}.Windows8|Mixed Platforms.ActiveCfg = Release|x86
		{FECB5BEB-AB05-454A-BB14-6A554E897274}.Windows8|Mixed Platforms.Build.0 = Release|x86
		{FECB5BEB-AB05-454A-BB14-6A554E897274}.Windows8|x86.ActiveCfg = Release|x86
		{FECB5BEB-AB05-454A-BB14-6A554E897274}.Windows8|x86.Build.0 = Release|x86
		{7DE47032-A904-4C29-BD22-2D235E8D91BA}.Android|Any CPU.ActiveCfg = Release|Any CPU
		{7DE47032-A904-4C29-BD22-2D235E8D91BA}.Android|Any CPU.Build.0 = Release|Any CPU
		{7DE47032-A904-4C29-BD22-2D235E8D91BA}.Android|ARM.ActiveCfg = Release|Any CPU
		{7DE47032-A904-4C29-BD22-2D235E8D91BA}.Android|Mixed Platforms.ActiveCfg = Release|Any CPU
		{7DE47032-A904-4C29-BD22-2D235E8D91BA}.Android|Mixed Platforms.Build.0 = Release|Any CPU
		{7DE47032-A904-4C29-BD22-2D235E8D91BA}.Android|x86.ActiveCfg = Release|Any CPU
		{7DE47032-A904-4C29-BD22-2D235E8D91BA}.Debug|Any CPU.ActiveCfg = Debug|Any CPU
		{7DE47032-A904-4C29-BD22-2D235E8D91BA}.Debug|ARM.ActiveCfg = Debug|Any CPU
		{7DE47032-A904-4C29-BD22-2D235E8D91BA}.Debug|Mixed Platforms.ActiveCfg = Debug|Any CPU
		{7DE47032-A904-4C29-BD22-2D235E8D91BA}.Debug|Mixed Platforms.Build.0 = Debug|Any CPU
		{7DE47032-A904-4C29-BD22-2D235E8D91BA}.Debug|x86.ActiveCfg = Debug|Any CPU
		{7DE47032-A904-4C29-BD22-2D235E8D91BA}.iOS|Any CPU.ActiveCfg = Release|Any CPU
		{7DE47032-A904-4C29-BD22-2D235E8D91BA}.iOS|Any CPU.Build.0 = Release|Any CPU
		{7DE47032-A904-4C29-BD22-2D235E8D91BA}.iOS|ARM.ActiveCfg = Release|Any CPU
		{7DE47032-A904-4C29-BD22-2D235E8D91BA}.iOS|Mixed Platforms.ActiveCfg = Release|Any CPU
		{7DE47032-A904-4C29-BD22-2D235E8D91BA}.iOS|Mixed Platforms.Build.0 = Release|Any CPU
		{7DE47032-A904-4C29-BD22-2D235E8D91BA}.iOS|x86.ActiveCfg = Release|Any CPU
		{7DE47032-A904-4C29-BD22-2D235E8D91BA}.Linux|Any CPU.ActiveCfg = Release|Any CPU
		{7DE47032-A904-4C29-BD22-2D235E8D91BA}.Linux|Any CPU.Build.0 = Release|Any CPU
		{7DE47032-A904-4C29-BD22-2D235E8D91BA}.Linux|ARM.ActiveCfg = Release|Any CPU
		{7DE47032-A904-4C29-BD22-2D235E8D91BA}.Linux|Mixed Platforms.ActiveCfg = Release|Any CPU
		{7DE47032-A904-4C29-BD22-2D235E8D91BA}.Linux|Mixed Platforms.Build.0 = Release|Any CPU
		{7DE47032-A904-4C29-BD22-2D235E8D91BA}.Linux|x86.ActiveCfg = Release|Any CPU
		{7DE47032-A904-4C29-BD22-2D235E8D91BA}.OSX|Any CPU.ActiveCfg = Release|Any CPU
		{7DE47032-A904-4C29-BD22-2D235E8D91BA}.OSX|Any CPU.Build.0 = Release|Any CPU
		{7DE47032-A904-4C29-BD22-2D235E8D91BA}.OSX|ARM.ActiveCfg = Release|Any CPU
		{7DE47032-A904-4C29-BD22-2D235E8D91BA}.OSX|Mixed Platforms.ActiveCfg = Release|Any CPU
		{7DE47032-A904-4C29-BD22-2D235E8D91BA}.OSX|Mixed Platforms.Build.0 = Release|Any CPU
		{7DE47032-A904-4C29-BD22-2D235E8D91BA}.OSX|x86.ActiveCfg = Release|Any CPU
		{7DE47032-A904-4C29-BD22-2D235E8D91BA}.PSM|Any CPU.ActiveCfg = Release|Any CPU
		{7DE47032-A904-4C29-BD22-2D235E8D91BA}.PSM|Any CPU.Build.0 = Release|Any CPU
		{7DE47032-A904-4C29-BD22-2D235E8D91BA}.PSM|ARM.ActiveCfg = Release|Any CPU
		{7DE47032-A904-4C29-BD22-2D235E8D91BA}.PSM|Mixed Platforms.ActiveCfg = Release|Any CPU
		{7DE47032-A904-4C29-BD22-2D235E8D91BA}.PSM|Mixed Platforms.Build.0 = Release|Any CPU
		{7DE47032-A904-4C29-BD22-2D235E8D91BA}.PSM|x86.ActiveCfg = Release|Any CPU
		{7DE47032-A904-4C29-BD22-2D235E8D91BA}.Release|Any CPU.ActiveCfg = Release|Any CPU
		{7DE47032-A904-4C29-BD22-2D235E8D91BA}.Release|ARM.ActiveCfg = Release|Any CPU
		{7DE47032-A904-4C29-BD22-2D235E8D91BA}.Release|Mixed Platforms.ActiveCfg = Release|Any CPU
		{7DE47032-A904-4C29-BD22-2D235E8D91BA}.Release|Mixed Platforms.Build.0 = Release|Any CPU
		{7DE47032-A904-4C29-BD22-2D235E8D91BA}.Release|x86.ActiveCfg = Release|Any CPU
		{7DE47032-A904-4C29-BD22-2D235E8D91BA}.Windows|Any CPU.ActiveCfg = Release|Any CPU
		{7DE47032-A904-4C29-BD22-2D235E8D91BA}.Windows|Any CPU.Build.0 = Release|Any CPU
		{7DE47032-A904-4C29-BD22-2D235E8D91BA}.Windows|ARM.ActiveCfg = Release|Any CPU
		{7DE47032-A904-4C29-BD22-2D235E8D91BA}.Windows|Mixed Platforms.ActiveCfg = Release|Any CPU
		{7DE47032-A904-4C29-BD22-2D235E8D91BA}.Windows|Mixed Platforms.Build.0 = Release|Any CPU
		{7DE47032-A904-4C29-BD22-2D235E8D91BA}.Windows|x86.ActiveCfg = Release|Any CPU
		{7DE47032-A904-4C29-BD22-2D235E8D91BA}.Windows8|Any CPU.ActiveCfg = Release|Any CPU
		{7DE47032-A904-4C29-BD22-2D235E8D91BA}.Windows8|ARM.ActiveCfg = Release|Any CPU
		{7DE47032-A904-4C29-BD22-2D235E8D91BA}.Windows8|Mixed Platforms.ActiveCfg = Release|Any CPU
		{7DE47032-A904-4C29-BD22-2D235E8D91BA}.Windows8|Mixed Platforms.Build.0 = Release|Any CPU
		{7DE47032-A904-4C29-BD22-2D235E8D91BA}.Windows8|x86.ActiveCfg = Release|Any CPU
		{BAA9A6E4-7690-4DE0-9531-DE0EAEEC9739}.Android|Any CPU.ActiveCfg = Release|Any CPU
		{BAA9A6E4-7690-4DE0-9531-DE0EAEEC9739}.Android|Any CPU.Build.0 = Release|Any CPU
		{BAA9A6E4-7690-4DE0-9531-DE0EAEEC9739}.Android|ARM.ActiveCfg = Release|ARM
		{BAA9A6E4-7690-4DE0-9531-DE0EAEEC9739}.Android|ARM.Build.0 = Release|ARM
		{BAA9A6E4-7690-4DE0-9531-DE0EAEEC9739}.Android|Mixed Platforms.ActiveCfg = Release|x86
		{BAA9A6E4-7690-4DE0-9531-DE0EAEEC9739}.Android|Mixed Platforms.Build.0 = Release|x86
		{BAA9A6E4-7690-4DE0-9531-DE0EAEEC9739}.Android|x86.ActiveCfg = Release|x86
		{BAA9A6E4-7690-4DE0-9531-DE0EAEEC9739}.Android|x86.Build.0 = Release|x86
		{BAA9A6E4-7690-4DE0-9531-DE0EAEEC9739}.Debug|Any CPU.ActiveCfg = Debug|Any CPU
		{BAA9A6E4-7690-4DE0-9531-DE0EAEEC9739}.Debug|ARM.ActiveCfg = Debug|ARM
		{BAA9A6E4-7690-4DE0-9531-DE0EAEEC9739}.Debug|ARM.Build.0 = Debug|ARM
		{BAA9A6E4-7690-4DE0-9531-DE0EAEEC9739}.Debug|Mixed Platforms.ActiveCfg = Debug|x86
		{BAA9A6E4-7690-4DE0-9531-DE0EAEEC9739}.Debug|Mixed Platforms.Build.0 = Debug|x86
		{BAA9A6E4-7690-4DE0-9531-DE0EAEEC9739}.Debug|x86.ActiveCfg = Debug|x86
		{BAA9A6E4-7690-4DE0-9531-DE0EAEEC9739}.Debug|x86.Build.0 = Debug|x86
		{BAA9A6E4-7690-4DE0-9531-DE0EAEEC9739}.iOS|Any CPU.ActiveCfg = Release|Any CPU
		{BAA9A6E4-7690-4DE0-9531-DE0EAEEC9739}.iOS|Any CPU.Build.0 = Release|Any CPU
		{BAA9A6E4-7690-4DE0-9531-DE0EAEEC9739}.iOS|ARM.ActiveCfg = Release|ARM
		{BAA9A6E4-7690-4DE0-9531-DE0EAEEC9739}.iOS|ARM.Build.0 = Release|ARM
		{BAA9A6E4-7690-4DE0-9531-DE0EAEEC9739}.iOS|Mixed Platforms.ActiveCfg = Release|x86
		{BAA9A6E4-7690-4DE0-9531-DE0EAEEC9739}.iOS|Mixed Platforms.Build.0 = Release|x86
		{BAA9A6E4-7690-4DE0-9531-DE0EAEEC9739}.iOS|x86.ActiveCfg = Release|x86
		{BAA9A6E4-7690-4DE0-9531-DE0EAEEC9739}.iOS|x86.Build.0 = Release|x86
		{BAA9A6E4-7690-4DE0-9531-DE0EAEEC9739}.Linux|Any CPU.ActiveCfg = Release|Any CPU
		{BAA9A6E4-7690-4DE0-9531-DE0EAEEC9739}.Linux|Any CPU.Build.0 = Release|Any CPU
		{BAA9A6E4-7690-4DE0-9531-DE0EAEEC9739}.Linux|ARM.ActiveCfg = Release|ARM
		{BAA9A6E4-7690-4DE0-9531-DE0EAEEC9739}.Linux|ARM.Build.0 = Release|ARM
		{BAA9A6E4-7690-4DE0-9531-DE0EAEEC9739}.Linux|Mixed Platforms.ActiveCfg = Release|x86
		{BAA9A6E4-7690-4DE0-9531-DE0EAEEC9739}.Linux|Mixed Platforms.Build.0 = Release|x86
		{BAA9A6E4-7690-4DE0-9531-DE0EAEEC9739}.Linux|x86.ActiveCfg = Release|x86
		{BAA9A6E4-7690-4DE0-9531-DE0EAEEC9739}.Linux|x86.Build.0 = Release|x86
		{BAA9A6E4-7690-4DE0-9531-DE0EAEEC9739}.OSX|Any CPU.ActiveCfg = Release|Any CPU
		{BAA9A6E4-7690-4DE0-9531-DE0EAEEC9739}.OSX|Any CPU.Build.0 = Release|Any CPU
		{BAA9A6E4-7690-4DE0-9531-DE0EAEEC9739}.OSX|ARM.ActiveCfg = Release|ARM
		{BAA9A6E4-7690-4DE0-9531-DE0EAEEC9739}.OSX|ARM.Build.0 = Release|ARM
		{BAA9A6E4-7690-4DE0-9531-DE0EAEEC9739}.OSX|Mixed Platforms.ActiveCfg = Release|x86
		{BAA9A6E4-7690-4DE0-9531-DE0EAEEC9739}.OSX|Mixed Platforms.Build.0 = Release|x86
		{BAA9A6E4-7690-4DE0-9531-DE0EAEEC9739}.OSX|x86.ActiveCfg = Release|x86
		{BAA9A6E4-7690-4DE0-9531-DE0EAEEC9739}.OSX|x86.Build.0 = Release|x86
		{BAA9A6E4-7690-4DE0-9531-DE0EAEEC9739}.PSM|Any CPU.ActiveCfg = Release|Any CPU
		{BAA9A6E4-7690-4DE0-9531-DE0EAEEC9739}.PSM|Any CPU.Build.0 = Release|Any CPU
		{BAA9A6E4-7690-4DE0-9531-DE0EAEEC9739}.PSM|ARM.ActiveCfg = Release|ARM
		{BAA9A6E4-7690-4DE0-9531-DE0EAEEC9739}.PSM|ARM.Build.0 = Release|ARM
		{BAA9A6E4-7690-4DE0-9531-DE0EAEEC9739}.PSM|Mixed Platforms.ActiveCfg = Release|x86
		{BAA9A6E4-7690-4DE0-9531-DE0EAEEC9739}.PSM|Mixed Platforms.Build.0 = Release|x86
		{BAA9A6E4-7690-4DE0-9531-DE0EAEEC9739}.PSM|x86.ActiveCfg = Release|x86
		{BAA9A6E4-7690-4DE0-9531-DE0EAEEC9739}.PSM|x86.Build.0 = Release|x86
		{BAA9A6E4-7690-4DE0-9531-DE0EAEEC9739}.Release|Any CPU.ActiveCfg = Release|Any CPU
		{BAA9A6E4-7690-4DE0-9531-DE0EAEEC9739}.Release|ARM.ActiveCfg = Release|ARM
		{BAA9A6E4-7690-4DE0-9531-DE0EAEEC9739}.Release|Mixed Platforms.ActiveCfg = Release|x86
		{BAA9A6E4-7690-4DE0-9531-DE0EAEEC9739}.Release|Mixed Platforms.Build.0 = Release|x86
		{BAA9A6E4-7690-4DE0-9531-DE0EAEEC9739}.Release|x86.ActiveCfg = Release|x86
		{BAA9A6E4-7690-4DE0-9531-DE0EAEEC9739}.Release|x86.Build.0 = Release|x86
		{BAA9A6E4-7690-4DE0-9531-DE0EAEEC9739}.Windows|Any CPU.ActiveCfg = Release|Any CPU
		{BAA9A6E4-7690-4DE0-9531-DE0EAEEC9739}.Windows|Any CPU.Build.0 = Release|Any CPU
		{BAA9A6E4-7690-4DE0-9531-DE0EAEEC9739}.Windows|ARM.ActiveCfg = Release|ARM
		{BAA9A6E4-7690-4DE0-9531-DE0EAEEC9739}.Windows|ARM.Build.0 = Release|ARM
		{BAA9A6E4-7690-4DE0-9531-DE0EAEEC9739}.Windows|Mixed Platforms.ActiveCfg = Release|x86
		{BAA9A6E4-7690-4DE0-9531-DE0EAEEC9739}.Windows|Mixed Platforms.Build.0 = Release|x86
		{BAA9A6E4-7690-4DE0-9531-DE0EAEEC9739}.Windows|x86.ActiveCfg = Release|x86
		{BAA9A6E4-7690-4DE0-9531-DE0EAEEC9739}.Windows|x86.Build.0 = Release|x86
		{BAA9A6E4-7690-4DE0-9531-DE0EAEEC9739}.Windows8|Any CPU.ActiveCfg = Release|Any CPU
		{BAA9A6E4-7690-4DE0-9531-DE0EAEEC9739}.Windows8|ARM.ActiveCfg = Release|ARM
		{BAA9A6E4-7690-4DE0-9531-DE0EAEEC9739}.Windows8|ARM.Build.0 = Release|ARM
		{BAA9A6E4-7690-4DE0-9531-DE0EAEEC9739}.Windows8|Mixed Platforms.ActiveCfg = Release|x86
		{BAA9A6E4-7690-4DE0-9531-DE0EAEEC9739}.Windows8|Mixed Platforms.Build.0 = Release|x86
		{BAA9A6E4-7690-4DE0-9531-DE0EAEEC9739}.Windows8|x86.ActiveCfg = Release|x86
		{BAA9A6E4-7690-4DE0-9531-DE0EAEEC9739}.Windows8|x86.Build.0 = Release|x86
		{B950DE10-AC5D-4BD9-B817-51247C4A732D}.Android|Any CPU.ActiveCfg = Release|Any CPU
		{B950DE10-AC5D-4BD9-B817-51247C4A732D}.Android|Any CPU.Build.0 = Release|Any CPU
		{B950DE10-AC5D-4BD9-B817-51247C4A732D}.Android|ARM.ActiveCfg = Release|Any CPU
		{B950DE10-AC5D-4BD9-B817-51247C4A732D}.Android|Mixed Platforms.ActiveCfg = Release|Any CPU
		{B950DE10-AC5D-4BD9-B817-51247C4A732D}.Android|Mixed Platforms.Build.0 = Release|Any CPU
		{B950DE10-AC5D-4BD9-B817-51247C4A732D}.Android|x86.ActiveCfg = Release|Any CPU
		{B950DE10-AC5D-4BD9-B817-51247C4A732D}.Debug|Any CPU.ActiveCfg = Debug|Any CPU
		{B950DE10-AC5D-4BD9-B817-51247C4A732D}.Debug|ARM.ActiveCfg = Debug|Any CPU
		{B950DE10-AC5D-4BD9-B817-51247C4A732D}.Debug|Mixed Platforms.ActiveCfg = Debug|Any CPU
		{B950DE10-AC5D-4BD9-B817-51247C4A732D}.Debug|Mixed Platforms.Build.0 = Debug|Any CPU
		{B950DE10-AC5D-4BD9-B817-51247C4A732D}.Debug|x86.ActiveCfg = Debug|Any CPU
		{B950DE10-AC5D-4BD9-B817-51247C4A732D}.iOS|Any CPU.ActiveCfg = Release|Any CPU
		{B950DE10-AC5D-4BD9-B817-51247C4A732D}.iOS|Any CPU.Build.0 = Release|Any CPU
		{B950DE10-AC5D-4BD9-B817-51247C4A732D}.iOS|ARM.ActiveCfg = Release|Any CPU
		{B950DE10-AC5D-4BD9-B817-51247C4A732D}.iOS|Mixed Platforms.ActiveCfg = Release|Any CPU
		{B950DE10-AC5D-4BD9-B817-51247C4A732D}.iOS|Mixed Platforms.Build.0 = Release|Any CPU
		{B950DE10-AC5D-4BD9-B817-51247C4A732D}.iOS|x86.ActiveCfg = Release|Any CPU
		{B950DE10-AC5D-4BD9-B817-51247C4A732D}.Linux|Any CPU.ActiveCfg = Release|Any CPU
		{B950DE10-AC5D-4BD9-B817-51247C4A732D}.Linux|Any CPU.Build.0 = Release|Any CPU
		{B950DE10-AC5D-4BD9-B817-51247C4A732D}.Linux|ARM.ActiveCfg = Release|Any CPU
		{B950DE10-AC5D-4BD9-B817-51247C4A732D}.Linux|Mixed Platforms.ActiveCfg = Release|Any CPU
		{B950DE10-AC5D-4BD9-B817-51247C4A732D}.Linux|Mixed Platforms.Build.0 = Release|Any CPU
		{B950DE10-AC5D-4BD9-B817-51247C4A732D}.Linux|x86.ActiveCfg = Release|Any CPU
		{B950DE10-AC5D-4BD9-B817-51247C4A732D}.OSX|Any CPU.ActiveCfg = Release|Any CPU
		{B950DE10-AC5D-4BD9-B817-51247C4A732D}.OSX|Any CPU.Build.0 = Release|Any CPU
		{B950DE10-AC5D-4BD9-B817-51247C4A732D}.OSX|ARM.ActiveCfg = Release|Any CPU
		{B950DE10-AC5D-4BD9-B817-51247C4A732D}.OSX|Mixed Platforms.ActiveCfg = Release|Any CPU
		{B950DE10-AC5D-4BD9-B817-51247C4A732D}.OSX|Mixed Platforms.Build.0 = Release|Any CPU
		{B950DE10-AC5D-4BD9-B817-51247C4A732D}.OSX|x86.ActiveCfg = Release|Any CPU
		{B950DE10-AC5D-4BD9-B817-51247C4A732D}.PSM|Any CPU.ActiveCfg = Release|Any CPU
		{B950DE10-AC5D-4BD9-B817-51247C4A732D}.PSM|Any CPU.Build.0 = Release|Any CPU
		{B950DE10-AC5D-4BD9-B817-51247C4A732D}.PSM|ARM.ActiveCfg = Release|Any CPU
		{B950DE10-AC5D-4BD9-B817-51247C4A732D}.PSM|Mixed Platforms.ActiveCfg = Release|Any CPU
		{B950DE10-AC5D-4BD9-B817-51247C4A732D}.PSM|Mixed Platforms.Build.0 = Release|Any CPU
		{B950DE10-AC5D-4BD9-B817-51247C4A732D}.PSM|x86.ActiveCfg = Release|Any CPU
		{B950DE10-AC5D-4BD9-B817-51247C4A732D}.Release|Any CPU.ActiveCfg = Release|Any CPU
		{B950DE10-AC5D-4BD9-B817-51247C4A732D}.Release|ARM.ActiveCfg = Release|Any CPU
		{B950DE10-AC5D-4BD9-B817-51247C4A732D}.Release|Mixed Platforms.ActiveCfg = Release|Any CPU
		{B950DE10-AC5D-4BD9-B817-51247C4A732D}.Release|Mixed Platforms.Build.0 = Release|Any CPU
		{B950DE10-AC5D-4BD9-B817-51247C4A732D}.Release|x86.ActiveCfg = Release|Any CPU
		{B950DE10-AC5D-4BD9-B817-51247C4A732D}.Windows|Any CPU.ActiveCfg = Release|Any CPU
		{B950DE10-AC5D-4BD9-B817-51247C4A732D}.Windows|Any CPU.Build.0 = Release|Any CPU
		{B950DE10-AC5D-4BD9-B817-51247C4A732D}.Windows|ARM.ActiveCfg = Release|Any CPU
		{B950DE10-AC5D-4BD9-B817-51247C4A732D}.Windows|Mixed Platforms.ActiveCfg = Release|Any CPU
		{B950DE10-AC5D-4BD9-B817-51247C4A732D}.Windows|Mixed Platforms.Build.0 = Release|Any CPU
		{B950DE10-AC5D-4BD9-B817-51247C4A732D}.Windows|x86.ActiveCfg = Release|Any CPU
		{B950DE10-AC5D-4BD9-B817-51247C4A732D}.Windows8|Any CPU.ActiveCfg = Release|Any CPU
		{B950DE10-AC5D-4BD9-B817-51247C4A732D}.Windows8|ARM.ActiveCfg = Release|Any CPU
		{B950DE10-AC5D-4BD9-B817-51247C4A732D}.Windows8|Mixed Platforms.ActiveCfg = Release|Any CPU
		{B950DE10-AC5D-4BD9-B817-51247C4A732D}.Windows8|Mixed Platforms.Build.0 = Release|Any CPU
		{B950DE10-AC5D-4BD9-B817-51247C4A732D}.Windows8|x86.ActiveCfg = Release|Any CPU
		{2C23E01D-DE2D-4671-85B0-1085857C6D25}.Android|Any CPU.ActiveCfg = Release|Any CPU
		{2C23E01D-DE2D-4671-85B0-1085857C6D25}.Android|Any CPU.Build.0 = Release|Any CPU
		{2C23E01D-DE2D-4671-85B0-1085857C6D25}.Android|ARM.ActiveCfg = Release|Any CPU
		{2C23E01D-DE2D-4671-85B0-1085857C6D25}.Android|Mixed Platforms.ActiveCfg = Release|x86
		{2C23E01D-DE2D-4671-85B0-1085857C6D25}.Android|Mixed Platforms.Build.0 = Release|x86
		{2C23E01D-DE2D-4671-85B0-1085857C6D25}.Android|x86.ActiveCfg = Release|x86
		{2C23E01D-DE2D-4671-85B0-1085857C6D25}.Android|x86.Build.0 = Release|x86
		{2C23E01D-DE2D-4671-85B0-1085857C6D25}.Debug|Any CPU.ActiveCfg = Debug|Any CPU
		{2C23E01D-DE2D-4671-85B0-1085857C6D25}.Debug|ARM.ActiveCfg = Debug|Any CPU
		{2C23E01D-DE2D-4671-85B0-1085857C6D25}.Debug|Mixed Platforms.ActiveCfg = Debug|x86
		{2C23E01D-DE2D-4671-85B0-1085857C6D25}.Debug|Mixed Platforms.Build.0 = Debug|x86
		{2C23E01D-DE2D-4671-85B0-1085857C6D25}.Debug|x86.ActiveCfg = Debug|x86
		{2C23E01D-DE2D-4671-85B0-1085857C6D25}.Debug|x86.Build.0 = Debug|x86
		{2C23E01D-DE2D-4671-85B0-1085857C6D25}.iOS|Any CPU.ActiveCfg = Release|Any CPU
		{2C23E01D-DE2D-4671-85B0-1085857C6D25}.iOS|Any CPU.Build.0 = Release|Any CPU
		{2C23E01D-DE2D-4671-85B0-1085857C6D25}.iOS|ARM.ActiveCfg = Release|Any CPU
		{2C23E01D-DE2D-4671-85B0-1085857C6D25}.iOS|Mixed Platforms.ActiveCfg = Release|x86
		{2C23E01D-DE2D-4671-85B0-1085857C6D25}.iOS|Mixed Platforms.Build.0 = Release|x86
		{2C23E01D-DE2D-4671-85B0-1085857C6D25}.iOS|x86.ActiveCfg = Release|x86
		{2C23E01D-DE2D-4671-85B0-1085857C6D25}.iOS|x86.Build.0 = Release|x86
		{2C23E01D-DE2D-4671-85B0-1085857C6D25}.Linux|Any CPU.ActiveCfg = Release|Any CPU
		{2C23E01D-DE2D-4671-85B0-1085857C6D25}.Linux|Any CPU.Build.0 = Release|Any CPU
		{2C23E01D-DE2D-4671-85B0-1085857C6D25}.Linux|ARM.ActiveCfg = Release|Any CPU
		{2C23E01D-DE2D-4671-85B0-1085857C6D25}.Linux|Mixed Platforms.ActiveCfg = Release|x86
		{2C23E01D-DE2D-4671-85B0-1085857C6D25}.Linux|Mixed Platforms.Build.0 = Release|x86
		{2C23E01D-DE2D-4671-85B0-1085857C6D25}.Linux|x86.ActiveCfg = Release|x86
		{2C23E01D-DE2D-4671-85B0-1085857C6D25}.Linux|x86.Build.0 = Release|x86
		{2C23E01D-DE2D-4671-85B0-1085857C6D25}.OSX|Any CPU.ActiveCfg = Release|Any CPU
		{2C23E01D-DE2D-4671-85B0-1085857C6D25}.OSX|Any CPU.Build.0 = Release|Any CPU
		{2C23E01D-DE2D-4671-85B0-1085857C6D25}.OSX|ARM.ActiveCfg = Release|Any CPU
		{2C23E01D-DE2D-4671-85B0-1085857C6D25}.OSX|Mixed Platforms.ActiveCfg = Release|x86
		{2C23E01D-DE2D-4671-85B0-1085857C6D25}.OSX|Mixed Platforms.Build.0 = Release|x86
		{2C23E01D-DE2D-4671-85B0-1085857C6D25}.OSX|x86.ActiveCfg = Release|x86
		{2C23E01D-DE2D-4671-85B0-1085857C6D25}.OSX|x86.Build.0 = Release|x86
		{2C23E01D-DE2D-4671-85B0-1085857C6D25}.PSM|Any CPU.ActiveCfg = Release|Any CPU
		{2C23E01D-DE2D-4671-85B0-1085857C6D25}.PSM|Any CPU.Build.0 = Release|Any CPU
		{2C23E01D-DE2D-4671-85B0-1085857C6D25}.PSM|ARM.ActiveCfg = Release|Any CPU
		{2C23E01D-DE2D-4671-85B0-1085857C6D25}.PSM|Mixed Platforms.ActiveCfg = Release|x86
		{2C23E01D-DE2D-4671-85B0-1085857C6D25}.PSM|Mixed Platforms.Build.0 = Release|x86
		{2C23E01D-DE2D-4671-85B0-1085857C6D25}.PSM|x86.ActiveCfg = Release|x86
		{2C23E01D-DE2D-4671-85B0-1085857C6D25}.PSM|x86.Build.0 = Release|x86
		{2C23E01D-DE2D-4671-85B0-1085857C6D25}.Release|Any CPU.ActiveCfg = Release|Any CPU
		{2C23E01D-DE2D-4671-85B0-1085857C6D25}.Release|ARM.ActiveCfg = Release|Any CPU
		{2C23E01D-DE2D-4671-85B0-1085857C6D25}.Release|Mixed Platforms.ActiveCfg = Release|x86
		{2C23E01D-DE2D-4671-85B0-1085857C6D25}.Release|Mixed Platforms.Build.0 = Release|x86
		{2C23E01D-DE2D-4671-85B0-1085857C6D25}.Release|x86.ActiveCfg = Release|x86
		{2C23E01D-DE2D-4671-85B0-1085857C6D25}.Release|x86.Build.0 = Release|x86
		{2C23E01D-DE2D-4671-85B0-1085857C6D25}.Windows|Any CPU.ActiveCfg = Release|Any CPU
		{2C23E01D-DE2D-4671-85B0-1085857C6D25}.Windows|Any CPU.Build.0 = Release|Any CPU
		{2C23E01D-DE2D-4671-85B0-1085857C6D25}.Windows|ARM.ActiveCfg = Release|Any CPU
		{2C23E01D-DE2D-4671-85B0-1085857C6D25}.Windows|Mixed Platforms.ActiveCfg = Release|x86
		{2C23E01D-DE2D-4671-85B0-1085857C6D25}.Windows|Mixed Platforms.Build.0 = Release|x86
		{2C23E01D-DE2D-4671-85B0-1085857C6D25}.Windows|x86.ActiveCfg = Release|x86
		{2C23E01D-DE2D-4671-85B0-1085857C6D25}.Windows|x86.Build.0 = Release|x86
		{2C23E01D-DE2D-4671-85B0-1085857C6D25}.Windows8|Any CPU.ActiveCfg = Release|Any CPU
		{2C23E01D-DE2D-4671-85B0-1085857C6D25}.Windows8|ARM.ActiveCfg = Release|Any CPU
		{2C23E01D-DE2D-4671-85B0-1085857C6D25}.Windows8|Mixed Platforms.ActiveCfg = Release|x86
		{2C23E01D-DE2D-4671-85B0-1085857C6D25}.Windows8|Mixed Platforms.Build.0 = Release|x86
		{2C23E01D-DE2D-4671-85B0-1085857C6D25}.Windows8|x86.ActiveCfg = Release|x86
		{2C23E01D-DE2D-4671-85B0-1085857C6D25}.Windows8|x86.Build.0 = Release|x86
		{AE483C29-042E-4226-BA52-D247CE7676DA}.Android|Any CPU.ActiveCfg = Release|Any CPU
		{AE483C29-042E-4226-BA52-D247CE7676DA}.Android|Any CPU.Build.0 = Release|Any CPU
		{AE483C29-042E-4226-BA52-D247CE7676DA}.Android|ARM.ActiveCfg = Release|Any CPU
		{AE483C29-042E-4226-BA52-D247CE7676DA}.Android|Mixed Platforms.ActiveCfg = Release|Any CPU
		{AE483C29-042E-4226-BA52-D247CE7676DA}.Android|Mixed Platforms.Build.0 = Release|Any CPU
		{AE483C29-042E-4226-BA52-D247CE7676DA}.Android|x86.ActiveCfg = Release|Any CPU
		{AE483C29-042E-4226-BA52-D247CE7676DA}.Debug|Any CPU.ActiveCfg = Debug|Any CPU
		{AE483C29-042E-4226-BA52-D247CE7676DA}.Debug|ARM.ActiveCfg = Debug|Any CPU
		{AE483C29-042E-4226-BA52-D247CE7676DA}.Debug|Mixed Platforms.ActiveCfg = Debug|Any CPU
		{AE483C29-042E-4226-BA52-D247CE7676DA}.Debug|Mixed Platforms.Build.0 = Debug|Any CPU
		{AE483C29-042E-4226-BA52-D247CE7676DA}.Debug|x86.ActiveCfg = Debug|Any CPU
		{AE483C29-042E-4226-BA52-D247CE7676DA}.iOS|Any CPU.ActiveCfg = Release|Any CPU
		{AE483C29-042E-4226-BA52-D247CE7676DA}.iOS|Any CPU.Build.0 = Release|Any CPU
		{AE483C29-042E-4226-BA52-D247CE7676DA}.iOS|ARM.ActiveCfg = Release|Any CPU
		{AE483C29-042E-4226-BA52-D247CE7676DA}.iOS|Mixed Platforms.ActiveCfg = Release|Any CPU
		{AE483C29-042E-4226-BA52-D247CE7676DA}.iOS|Mixed Platforms.Build.0 = Release|Any CPU
		{AE483C29-042E-4226-BA52-D247CE7676DA}.iOS|x86.ActiveCfg = Release|Any CPU
		{AE483C29-042E-4226-BA52-D247CE7676DA}.Linux|Any CPU.ActiveCfg = Release|Any CPU
		{AE483C29-042E-4226-BA52-D247CE7676DA}.Linux|Any CPU.Build.0 = Release|Any CPU
		{AE483C29-042E-4226-BA52-D247CE7676DA}.Linux|ARM.ActiveCfg = Release|Any CPU
		{AE483C29-042E-4226-BA52-D247CE7676DA}.Linux|Mixed Platforms.ActiveCfg = Release|Any CPU
		{AE483C29-042E-4226-BA52-D247CE7676DA}.Linux|Mixed Platforms.Build.0 = Release|Any CPU
		{AE483C29-042E-4226-BA52-D247CE7676DA}.Linux|x86.ActiveCfg = Release|Any CPU
		{AE483C29-042E-4226-BA52-D247CE7676DA}.OSX|Any CPU.ActiveCfg = Release|Any CPU
		{AE483C29-042E-4226-BA52-D247CE7676DA}.OSX|Any CPU.Build.0 = Release|Any CPU
		{AE483C29-042E-4226-BA52-D247CE7676DA}.OSX|ARM.ActiveCfg = Release|Any CPU
		{AE483C29-042E-4226-BA52-D247CE7676DA}.OSX|Mixed Platforms.ActiveCfg = Release|Any CPU
		{AE483C29-042E-4226-BA52-D247CE7676DA}.OSX|Mixed Platforms.Build.0 = Release|Any CPU
		{AE483C29-042E-4226-BA52-D247CE7676DA}.OSX|x86.ActiveCfg = Release|Any CPU
		{AE483C29-042E-4226-BA52-D247CE7676DA}.PSM|Any CPU.ActiveCfg = Release|Any CPU
		{AE483C29-042E-4226-BA52-D247CE7676DA}.PSM|Any CPU.Build.0 = Release|Any CPU
		{AE483C29-042E-4226-BA52-D247CE7676DA}.PSM|ARM.ActiveCfg = Release|Any CPU
		{AE483C29-042E-4226-BA52-D247CE7676DA}.PSM|Mixed Platforms.ActiveCfg = Release|Any CPU
		{AE483C29-042E-4226-BA52-D247CE7676DA}.PSM|Mixed Platforms.Build.0 = Release|Any CPU
		{AE483C29-042E-4226-BA52-D247CE7676DA}.PSM|x86.ActiveCfg = Release|Any CPU
		{AE483C29-042E-4226-BA52-D247CE7676DA}.Release|Any CPU.ActiveCfg = Release|Any CPU
		{AE483C29-042E-4226-BA52-D247CE7676DA}.Release|ARM.ActiveCfg = Release|Any CPU
		{AE483C29-042E-4226-BA52-D247CE7676DA}.Release|Mixed Platforms.ActiveCfg = Release|Any CPU
		{AE483C29-042E-4226-BA52-D247CE7676DA}.Release|Mixed Platforms.Build.0 = Release|Any CPU
		{AE483C29-042E-4226-BA52-D247CE7676DA}.Release|x86.ActiveCfg = Release|Any CPU
		{AE483C29-042E-4226-BA52-D247CE7676DA}.Windows|Any CPU.ActiveCfg = Release|Any CPU
		{AE483C29-042E-4226-BA52-D247CE7676DA}.Windows|Any CPU.Build.0 = Release|Any CPU
		{AE483C29-042E-4226-BA52-D247CE7676DA}.Windows|ARM.ActiveCfg = Release|Any CPU
		{AE483C29-042E-4226-BA52-D247CE7676DA}.Windows|Mixed Platforms.ActiveCfg = Release|Any CPU
		{AE483C29-042E-4226-BA52-D247CE7676DA}.Windows|Mixed Platforms.Build.0 = Release|Any CPU
		{AE483C29-042E-4226-BA52-D247CE7676DA}.Windows|x86.ActiveCfg = Release|Any CPU
		{AE483C29-042E-4226-BA52-D247CE7676DA}.Windows8|Any CPU.ActiveCfg = Release|Any CPU
		{AE483C29-042E-4226-BA52-D247CE7676DA}.Windows8|ARM.ActiveCfg = Release|Any CPU
		{AE483C29-042E-4226-BA52-D247CE7676DA}.Windows8|Mixed Platforms.ActiveCfg = Release|Any CPU
		{AE483C29-042E-4226-BA52-D247CE7676DA}.Windows8|Mixed Platforms.Build.0 = Release|Any CPU
		{AE483C29-042E-4226-BA52-D247CE7676DA}.Windows8|x86.ActiveCfg = Release|Any CPU
		{31BCCA4F-D733-44EF-BEE5-0E861AFFEDCF}.Android|Any CPU.ActiveCfg = Release|x86
		{31BCCA4F-D733-44EF-BEE5-0E861AFFEDCF}.Android|ARM.ActiveCfg = Release|x86
		{31BCCA4F-D733-44EF-BEE5-0E861AFFEDCF}.Android|Mixed Platforms.ActiveCfg = Release|x86
		{31BCCA4F-D733-44EF-BEE5-0E861AFFEDCF}.Android|Mixed Platforms.Build.0 = Release|x86
		{31BCCA4F-D733-44EF-BEE5-0E861AFFEDCF}.Android|x86.ActiveCfg = Release|x86
		{31BCCA4F-D733-44EF-BEE5-0E861AFFEDCF}.Android|x86.Build.0 = Release|x86
		{31BCCA4F-D733-44EF-BEE5-0E861AFFEDCF}.Debug|Any CPU.ActiveCfg = Debug|x86
		{31BCCA4F-D733-44EF-BEE5-0E861AFFEDCF}.Debug|Any CPU.Build.0 = Debug|x86
		{31BCCA4F-D733-44EF-BEE5-0E861AFFEDCF}.Debug|ARM.ActiveCfg = Debug|x86
		{31BCCA4F-D733-44EF-BEE5-0E861AFFEDCF}.Debug|ARM.Build.0 = Debug|x86
		{31BCCA4F-D733-44EF-BEE5-0E861AFFEDCF}.Debug|Mixed Platforms.ActiveCfg = Debug|x86
		{31BCCA4F-D733-44EF-BEE5-0E861AFFEDCF}.Debug|Mixed Platforms.Build.0 = Debug|x86
		{31BCCA4F-D733-44EF-BEE5-0E861AFFEDCF}.Debug|x86.ActiveCfg = Debug|x86
		{31BCCA4F-D733-44EF-BEE5-0E861AFFEDCF}.Debug|x86.Build.0 = Debug|x86
		{31BCCA4F-D733-44EF-BEE5-0E861AFFEDCF}.iOS|Any CPU.ActiveCfg = Release|x86
		{31BCCA4F-D733-44EF-BEE5-0E861AFFEDCF}.iOS|ARM.ActiveCfg = Release|x86
		{31BCCA4F-D733-44EF-BEE5-0E861AFFEDCF}.iOS|Mixed Platforms.ActiveCfg = Release|x86
		{31BCCA4F-D733-44EF-BEE5-0E861AFFEDCF}.iOS|Mixed Platforms.Build.0 = Release|x86
		{31BCCA4F-D733-44EF-BEE5-0E861AFFEDCF}.iOS|x86.ActiveCfg = Release|x86
		{31BCCA4F-D733-44EF-BEE5-0E861AFFEDCF}.iOS|x86.Build.0 = Release|x86
		{31BCCA4F-D733-44EF-BEE5-0E861AFFEDCF}.Linux|Any CPU.ActiveCfg = Release|x86
		{31BCCA4F-D733-44EF-BEE5-0E861AFFEDCF}.Linux|ARM.ActiveCfg = Release|x86
		{31BCCA4F-D733-44EF-BEE5-0E861AFFEDCF}.Linux|Mixed Platforms.ActiveCfg = Release|x86
		{31BCCA4F-D733-44EF-BEE5-0E861AFFEDCF}.Linux|Mixed Platforms.Build.0 = Release|x86
		{31BCCA4F-D733-44EF-BEE5-0E861AFFEDCF}.Linux|x86.ActiveCfg = Release|x86
		{31BCCA4F-D733-44EF-BEE5-0E861AFFEDCF}.Linux|x86.Build.0 = Release|x86
		{31BCCA4F-D733-44EF-BEE5-0E861AFFEDCF}.OSX|Any CPU.ActiveCfg = Release|x86
		{31BCCA4F-D733-44EF-BEE5-0E861AFFEDCF}.OSX|ARM.ActiveCfg = Release|x86
		{31BCCA4F-D733-44EF-BEE5-0E861AFFEDCF}.OSX|Mixed Platforms.ActiveCfg = Release|x86
		{31BCCA4F-D733-44EF-BEE5-0E861AFFEDCF}.OSX|Mixed Platforms.Build.0 = Release|x86
		{31BCCA4F-D733-44EF-BEE5-0E861AFFEDCF}.OSX|x86.ActiveCfg = Release|x86
		{31BCCA4F-D733-44EF-BEE5-0E861AFFEDCF}.OSX|x86.Build.0 = Release|x86
		{31BCCA4F-D733-44EF-BEE5-0E861AFFEDCF}.PSM|Any CPU.ActiveCfg = Release|x86
		{31BCCA4F-D733-44EF-BEE5-0E861AFFEDCF}.PSM|ARM.ActiveCfg = Release|x86
		{31BCCA4F-D733-44EF-BEE5-0E861AFFEDCF}.PSM|Mixed Platforms.ActiveCfg = Release|x86
		{31BCCA4F-D733-44EF-BEE5-0E861AFFEDCF}.PSM|Mixed Platforms.Build.0 = Release|x86
		{31BCCA4F-D733-44EF-BEE5-0E861AFFEDCF}.PSM|x86.ActiveCfg = Release|x86
		{31BCCA4F-D733-44EF-BEE5-0E861AFFEDCF}.PSM|x86.Build.0 = Release|x86
		{31BCCA4F-D733-44EF-BEE5-0E861AFFEDCF}.Release|Any CPU.ActiveCfg = Release|x86
		{31BCCA4F-D733-44EF-BEE5-0E861AFFEDCF}.Release|Any CPU.Build.0 = Release|x86
		{31BCCA4F-D733-44EF-BEE5-0E861AFFEDCF}.Release|ARM.ActiveCfg = Release|x86
		{31BCCA4F-D733-44EF-BEE5-0E861AFFEDCF}.Release|ARM.Build.0 = Release|x86
		{31BCCA4F-D733-44EF-BEE5-0E861AFFEDCF}.Release|Mixed Platforms.ActiveCfg = Release|x86
		{31BCCA4F-D733-44EF-BEE5-0E861AFFEDCF}.Release|Mixed Platforms.Build.0 = Release|x86
		{31BCCA4F-D733-44EF-BEE5-0E861AFFEDCF}.Release|x86.ActiveCfg = Release|x86
		{31BCCA4F-D733-44EF-BEE5-0E861AFFEDCF}.Release|x86.Build.0 = Release|x86
		{31BCCA4F-D733-44EF-BEE5-0E861AFFEDCF}.Windows|Any CPU.ActiveCfg = Release|x86
		{31BCCA4F-D733-44EF-BEE5-0E861AFFEDCF}.Windows|ARM.ActiveCfg = Release|x86
		{31BCCA4F-D733-44EF-BEE5-0E861AFFEDCF}.Windows|Mixed Platforms.ActiveCfg = Release|x86
		{31BCCA4F-D733-44EF-BEE5-0E861AFFEDCF}.Windows|Mixed Platforms.Build.0 = Release|x86
		{31BCCA4F-D733-44EF-BEE5-0E861AFFEDCF}.Windows|x86.ActiveCfg = Release|x86
		{31BCCA4F-D733-44EF-BEE5-0E861AFFEDCF}.Windows|x86.Build.0 = Release|x86
		{31BCCA4F-D733-44EF-BEE5-0E861AFFEDCF}.Windows8|Any CPU.ActiveCfg = Release|x86
		{31BCCA4F-D733-44EF-BEE5-0E861AFFEDCF}.Windows8|Any CPU.Build.0 = Release|x86
		{31BCCA4F-D733-44EF-BEE5-0E861AFFEDCF}.Windows8|ARM.ActiveCfg = Release|x86
		{31BCCA4F-D733-44EF-BEE5-0E861AFFEDCF}.Windows8|Mixed Platforms.ActiveCfg = Release|x86
		{31BCCA4F-D733-44EF-BEE5-0E861AFFEDCF}.Windows8|Mixed Platforms.Build.0 = Release|x86
		{31BCCA4F-D733-44EF-BEE5-0E861AFFEDCF}.Windows8|x86.ActiveCfg = Release|x86
		{31BCCA4F-D733-44EF-BEE5-0E861AFFEDCF}.Windows8|x86.Build.0 = Release|x86
		{FED77965-1C57-4D71-BCE2-EBCE0AE024CD}.Android|Any CPU.ActiveCfg = Release|x86
		{FED77965-1C57-4D71-BCE2-EBCE0AE024CD}.Android|ARM.ActiveCfg = Release|x86
		{FED77965-1C57-4D71-BCE2-EBCE0AE024CD}.Android|Mixed Platforms.ActiveCfg = Release|x86
		{FED77965-1C57-4D71-BCE2-EBCE0AE024CD}.Android|x86.ActiveCfg = Release|x86
		{FED77965-1C57-4D71-BCE2-EBCE0AE024CD}.Debug|Any CPU.ActiveCfg = Debug|x86
		{FED77965-1C57-4D71-BCE2-EBCE0AE024CD}.Debug|ARM.ActiveCfg = Debug|x86
		{FED77965-1C57-4D71-BCE2-EBCE0AE024CD}.Debug|Mixed Platforms.ActiveCfg = Debug|x86
		{FED77965-1C57-4D71-BCE2-EBCE0AE024CD}.Debug|x86.ActiveCfg = Debug|x86
		{FED77965-1C57-4D71-BCE2-EBCE0AE024CD}.iOS|Any CPU.ActiveCfg = Release|x86
		{FED77965-1C57-4D71-BCE2-EBCE0AE024CD}.iOS|ARM.ActiveCfg = Release|x86
		{FED77965-1C57-4D71-BCE2-EBCE0AE024CD}.iOS|Mixed Platforms.ActiveCfg = Release|x86
		{FED77965-1C57-4D71-BCE2-EBCE0AE024CD}.iOS|x86.ActiveCfg = Release|x86
		{FED77965-1C57-4D71-BCE2-EBCE0AE024CD}.Linux|Any CPU.ActiveCfg = Release|x86
		{FED77965-1C57-4D71-BCE2-EBCE0AE024CD}.Linux|ARM.ActiveCfg = Release|x86
		{FED77965-1C57-4D71-BCE2-EBCE0AE024CD}.Linux|Mixed Platforms.ActiveCfg = Release|x86
		{FED77965-1C57-4D71-BCE2-EBCE0AE024CD}.Linux|x86.ActiveCfg = Release|x86
		{FED77965-1C57-4D71-BCE2-EBCE0AE024CD}.OSX|Any CPU.ActiveCfg = Release|x86
		{FED77965-1C57-4D71-BCE2-EBCE0AE024CD}.OSX|ARM.ActiveCfg = Release|x86
		{FED77965-1C57-4D71-BCE2-EBCE0AE024CD}.OSX|Mixed Platforms.ActiveCfg = Release|x86
		{FED77965-1C57-4D71-BCE2-EBCE0AE024CD}.OSX|x86.ActiveCfg = Release|x86
		{FED77965-1C57-4D71-BCE2-EBCE0AE024CD}.PSM|Any CPU.ActiveCfg = Release|x86
		{FED77965-1C57-4D71-BCE2-EBCE0AE024CD}.PSM|ARM.ActiveCfg = Release|x86
		{FED77965-1C57-4D71-BCE2-EBCE0AE024CD}.PSM|Mixed Platforms.ActiveCfg = Release|x86
		{FED77965-1C57-4D71-BCE2-EBCE0AE024CD}.PSM|x86.ActiveCfg = Release|x86
		{FED77965-1C57-4D71-BCE2-EBCE0AE024CD}.Release|Any CPU.ActiveCfg = Release|x86
		{FED77965-1C57-4D71-BCE2-EBCE0AE024CD}.Release|ARM.ActiveCfg = Release|x86
		{FED77965-1C57-4D71-BCE2-EBCE0AE024CD}.Release|Mixed Platforms.ActiveCfg = Release|x86
		{FED77965-1C57-4D71-BCE2-EBCE0AE024CD}.Release|x86.ActiveCfg = Release|x86
		{FED77965-1C57-4D71-BCE2-EBCE0AE024CD}.Windows|Any CPU.ActiveCfg = Release|x86
		{FED77965-1C57-4D71-BCE2-EBCE0AE024CD}.Windows|ARM.ActiveCfg = Release|x86
		{FED77965-1C57-4D71-BCE2-EBCE0AE024CD}.Windows|Mixed Platforms.ActiveCfg = Release|x86
		{FED77965-1C57-4D71-BCE2-EBCE0AE024CD}.Windows|x86.ActiveCfg = Release|x86
		{FED77965-1C57-4D71-BCE2-EBCE0AE024CD}.Windows8|Any CPU.ActiveCfg = Release|x86
		{FED77965-1C57-4D71-BCE2-EBCE0AE024CD}.Windows8|ARM.ActiveCfg = Release|x86
		{FED77965-1C57-4D71-BCE2-EBCE0AE024CD}.Windows8|Mixed Platforms.ActiveCfg = Release|x86
		{FED77965-1C57-4D71-BCE2-EBCE0AE024CD}.Windows8|x86.ActiveCfg = Release|x86
		{422B500B-1298-4032-AD03-5C4E66858E69}.Android|Any CPU.ActiveCfg = Release|x86
		{422B500B-1298-4032-AD03-5C4E66858E69}.Android|ARM.ActiveCfg = Release|ARM
		{422B500B-1298-4032-AD03-5C4E66858E69}.Android|ARM.Build.0 = Release|ARM
		{422B500B-1298-4032-AD03-5C4E66858E69}.Android|ARM.Deploy.0 = Release|ARM
		{422B500B-1298-4032-AD03-5C4E66858E69}.Android|Mixed Platforms.ActiveCfg = Release|x86
		{422B500B-1298-4032-AD03-5C4E66858E69}.Android|Mixed Platforms.Build.0 = Release|x86
		{422B500B-1298-4032-AD03-5C4E66858E69}.Android|Mixed Platforms.Deploy.0 = Release|x86
		{422B500B-1298-4032-AD03-5C4E66858E69}.Android|x86.ActiveCfg = Release|x86
		{422B500B-1298-4032-AD03-5C4E66858E69}.Android|x86.Build.0 = Release|x86
		{422B500B-1298-4032-AD03-5C4E66858E69}.Android|x86.Deploy.0 = Release|x86
		{422B500B-1298-4032-AD03-5C4E66858E69}.Debug|Any CPU.ActiveCfg = Debug|ARM
		{422B500B-1298-4032-AD03-5C4E66858E69}.Debug|ARM.ActiveCfg = Debug|ARM
		{422B500B-1298-4032-AD03-5C4E66858E69}.Debug|ARM.Build.0 = Debug|ARM
		{422B500B-1298-4032-AD03-5C4E66858E69}.Debug|ARM.Deploy.0 = Debug|ARM
		{422B500B-1298-4032-AD03-5C4E66858E69}.Debug|Mixed Platforms.ActiveCfg = Debug|x86
		{422B500B-1298-4032-AD03-5C4E66858E69}.Debug|Mixed Platforms.Build.0 = Debug|x86
		{422B500B-1298-4032-AD03-5C4E66858E69}.Debug|Mixed Platforms.Deploy.0 = Debug|x86
		{422B500B-1298-4032-AD03-5C4E66858E69}.Debug|x86.ActiveCfg = Debug|x86
		{422B500B-1298-4032-AD03-5C4E66858E69}.Debug|x86.Build.0 = Debug|x86
		{422B500B-1298-4032-AD03-5C4E66858E69}.Debug|x86.Deploy.0 = Debug|x86
		{422B500B-1298-4032-AD03-5C4E66858E69}.iOS|Any CPU.ActiveCfg = Release|x86
		{422B500B-1298-4032-AD03-5C4E66858E69}.iOS|ARM.ActiveCfg = Release|ARM
		{422B500B-1298-4032-AD03-5C4E66858E69}.iOS|ARM.Build.0 = Release|ARM
		{422B500B-1298-4032-AD03-5C4E66858E69}.iOS|ARM.Deploy.0 = Release|ARM
		{422B500B-1298-4032-AD03-5C4E66858E69}.iOS|Mixed Platforms.ActiveCfg = Release|x86
		{422B500B-1298-4032-AD03-5C4E66858E69}.iOS|Mixed Platforms.Build.0 = Release|x86
		{422B500B-1298-4032-AD03-5C4E66858E69}.iOS|Mixed Platforms.Deploy.0 = Release|x86
		{422B500B-1298-4032-AD03-5C4E66858E69}.iOS|x86.ActiveCfg = Release|x86
		{422B500B-1298-4032-AD03-5C4E66858E69}.iOS|x86.Build.0 = Release|x86
		{422B500B-1298-4032-AD03-5C4E66858E69}.iOS|x86.Deploy.0 = Release|x86
		{422B500B-1298-4032-AD03-5C4E66858E69}.Linux|Any CPU.ActiveCfg = Release|x86
		{422B500B-1298-4032-AD03-5C4E66858E69}.Linux|ARM.ActiveCfg = Release|ARM
		{422B500B-1298-4032-AD03-5C4E66858E69}.Linux|ARM.Build.0 = Release|ARM
		{422B500B-1298-4032-AD03-5C4E66858E69}.Linux|ARM.Deploy.0 = Release|ARM
		{422B500B-1298-4032-AD03-5C4E66858E69}.Linux|Mixed Platforms.ActiveCfg = Release|x86
		{422B500B-1298-4032-AD03-5C4E66858E69}.Linux|Mixed Platforms.Build.0 = Release|x86
		{422B500B-1298-4032-AD03-5C4E66858E69}.Linux|Mixed Platforms.Deploy.0 = Release|x86
		{422B500B-1298-4032-AD03-5C4E66858E69}.Linux|x86.ActiveCfg = Release|x86
		{422B500B-1298-4032-AD03-5C4E66858E69}.Linux|x86.Build.0 = Release|x86
		{422B500B-1298-4032-AD03-5C4E66858E69}.Linux|x86.Deploy.0 = Release|x86
		{422B500B-1298-4032-AD03-5C4E66858E69}.OSX|Any CPU.ActiveCfg = Release|x86
		{422B500B-1298-4032-AD03-5C4E66858E69}.OSX|ARM.ActiveCfg = Release|ARM
		{422B500B-1298-4032-AD03-5C4E66858E69}.OSX|ARM.Build.0 = Release|ARM
		{422B500B-1298-4032-AD03-5C4E66858E69}.OSX|ARM.Deploy.0 = Release|ARM
		{422B500B-1298-4032-AD03-5C4E66858E69}.OSX|Mixed Platforms.ActiveCfg = Release|x86
		{422B500B-1298-4032-AD03-5C4E66858E69}.OSX|Mixed Platforms.Build.0 = Release|x86
		{422B500B-1298-4032-AD03-5C4E66858E69}.OSX|Mixed Platforms.Deploy.0 = Release|x86
		{422B500B-1298-4032-AD03-5C4E66858E69}.OSX|x86.ActiveCfg = Release|x86
		{422B500B-1298-4032-AD03-5C4E66858E69}.OSX|x86.Build.0 = Release|x86
		{422B500B-1298-4032-AD03-5C4E66858E69}.OSX|x86.Deploy.0 = Release|x86
		{422B500B-1298-4032-AD03-5C4E66858E69}.PSM|Any CPU.ActiveCfg = Release|x86
		{422B500B-1298-4032-AD03-5C4E66858E69}.PSM|ARM.ActiveCfg = Release|ARM
		{422B500B-1298-4032-AD03-5C4E66858E69}.PSM|ARM.Build.0 = Release|ARM
		{422B500B-1298-4032-AD03-5C4E66858E69}.PSM|ARM.Deploy.0 = Release|ARM
		{422B500B-1298-4032-AD03-5C4E66858E69}.PSM|Mixed Platforms.ActiveCfg = Release|x86
		{422B500B-1298-4032-AD03-5C4E66858E69}.PSM|Mixed Platforms.Build.0 = Release|x86
		{422B500B-1298-4032-AD03-5C4E66858E69}.PSM|Mixed Platforms.Deploy.0 = Release|x86
		{422B500B-1298-4032-AD03-5C4E66858E69}.PSM|x86.ActiveCfg = Release|x86
		{422B500B-1298-4032-AD03-5C4E66858E69}.PSM|x86.Build.0 = Release|x86
		{422B500B-1298-4032-AD03-5C4E66858E69}.PSM|x86.Deploy.0 = Release|x86
		{422B500B-1298-4032-AD03-5C4E66858E69}.Release|Any CPU.ActiveCfg = Release|ARM
		{422B500B-1298-4032-AD03-5C4E66858E69}.Release|ARM.ActiveCfg = Release|ARM
		{422B500B-1298-4032-AD03-5C4E66858E69}.Release|ARM.Build.0 = Release|ARM
		{422B500B-1298-4032-AD03-5C4E66858E69}.Release|ARM.Deploy.0 = Release|ARM
		{422B500B-1298-4032-AD03-5C4E66858E69}.Release|Mixed Platforms.ActiveCfg = Release|x86
		{422B500B-1298-4032-AD03-5C4E66858E69}.Release|Mixed Platforms.Build.0 = Release|x86
		{422B500B-1298-4032-AD03-5C4E66858E69}.Release|Mixed Platforms.Deploy.0 = Release|x86
		{422B500B-1298-4032-AD03-5C4E66858E69}.Release|x86.ActiveCfg = Release|x86
		{422B500B-1298-4032-AD03-5C4E66858E69}.Release|x86.Build.0 = Release|x86
		{422B500B-1298-4032-AD03-5C4E66858E69}.Release|x86.Deploy.0 = Release|x86
		{422B500B-1298-4032-AD03-5C4E66858E69}.Windows|Any CPU.ActiveCfg = Release|x86
		{422B500B-1298-4032-AD03-5C4E66858E69}.Windows|ARM.ActiveCfg = Release|ARM
		{422B500B-1298-4032-AD03-5C4E66858E69}.Windows|ARM.Build.0 = Release|ARM
		{422B500B-1298-4032-AD03-5C4E66858E69}.Windows|ARM.Deploy.0 = Release|ARM
		{422B500B-1298-4032-AD03-5C4E66858E69}.Windows|Mixed Platforms.ActiveCfg = Release|x86
		{422B500B-1298-4032-AD03-5C4E66858E69}.Windows|Mixed Platforms.Build.0 = Release|x86
		{422B500B-1298-4032-AD03-5C4E66858E69}.Windows|Mixed Platforms.Deploy.0 = Release|x86
		{422B500B-1298-4032-AD03-5C4E66858E69}.Windows|x86.ActiveCfg = Release|x86
		{422B500B-1298-4032-AD03-5C4E66858E69}.Windows|x86.Build.0 = Release|x86
		{422B500B-1298-4032-AD03-5C4E66858E69}.Windows|x86.Deploy.0 = Release|x86
		{422B500B-1298-4032-AD03-5C4E66858E69}.Windows8|Any CPU.ActiveCfg = Release|x86
		{422B500B-1298-4032-AD03-5C4E66858E69}.Windows8|ARM.ActiveCfg = Release|ARM
		{422B500B-1298-4032-AD03-5C4E66858E69}.Windows8|ARM.Build.0 = Release|ARM
		{422B500B-1298-4032-AD03-5C4E66858E69}.Windows8|ARM.Deploy.0 = Release|ARM
		{422B500B-1298-4032-AD03-5C4E66858E69}.Windows8|Mixed Platforms.ActiveCfg = Release|x86
		{422B500B-1298-4032-AD03-5C4E66858E69}.Windows8|Mixed Platforms.Build.0 = Release|x86
		{422B500B-1298-4032-AD03-5C4E66858E69}.Windows8|Mixed Platforms.Deploy.0 = Release|x86
		{422B500B-1298-4032-AD03-5C4E66858E69}.Windows8|x86.ActiveCfg = Release|x86
		{422B500B-1298-4032-AD03-5C4E66858E69}.Windows8|x86.Build.0 = Release|x86
		{422B500B-1298-4032-AD03-5C4E66858E69}.Windows8|x86.Deploy.0 = Release|x86
	EndGlobalSection
	GlobalSection(SolutionProperties) = preSolution
		HideSolutionNode = FALSE
	EndGlobalSection
	GlobalSection(NestedProjects) = preSolution
		{CD3ACD9C-E5F3-4B91-8D42-C2BD1E1B551A} = {CF5C704A-C4C8-4352-9CE8-18E4362B1FCC}
		{5B153DF1-18CE-4086-AB90-7606A85B3D73} = {CF5C704A-C4C8-4352-9CE8-18E4362B1FCC}
		{B564FD33-FA50-46B2-B669-2D83DE3AF5E4} = {CFEB868F-B256-4DCD-9764-E8CEE27FC0EA}
		{315EE7BF-EAE2-42C0-BFC6-CCA9160F3CFE} = {CFEB868F-B256-4DCD-9764-E8CEE27FC0EA}
		{FECB5BEB-AB05-454A-BB14-6A554E897274} = {CFEB868F-B256-4DCD-9764-E8CEE27FC0EA}
		{7DE47032-A904-4C29-BD22-2D235E8D91BA} = {CFEB868F-B256-4DCD-9764-E8CEE27FC0EA}
		{BAA9A6E4-7690-4DE0-9531-DE0EAEEC9739} = {CFEB868F-B256-4DCD-9764-E8CEE27FC0EA}
		{B950DE10-AC5D-4BD9-B817-51247C4A732D} = {CFEB868F-B256-4DCD-9764-E8CEE27FC0EA}
		{2C23E01D-DE2D-4671-85B0-1085857C6D25} = {CFEB868F-B256-4DCD-9764-E8CEE27FC0EA}
		{AE483C29-042E-4226-BA52-D247CE7676DA} = {CFEB868F-B256-4DCD-9764-E8CEE27FC0EA}
		{FED77965-1C57-4D71-BCE2-EBCE0AE024CD} = {CF5C704A-C4C8-4352-9CE8-18E4362B1FCC}
	EndGlobalSection
EndGlobal
